
Microsoft Visual Studio Solution File, Format Version 12.00
# Visual Studio Version 17
VisualStudioVersion = 17.7.34024.191
MinimumVisualStudioVersion = 10.0.40219.1
Project("{8BC9CEB8-8B4A-11D0-8D11-00A0C91BC942}") = "Bai_000", "Bai_000\Bai_000.vcxproj", "{BFF4D973-23D9-448B-A496-59FF91EB90DB}"
EndProject
Project("{8BC9CEB8-8B4A-11D0-8D11-00A0C91BC942}") = "Bai_002", "Bai_002\Bai_002.vcxproj", "{2407EC08-82AE-43D6-9132-B80080D6D040}"
EndProject
Project("{8BC9CEB8-8B4A-11D0-8D11-00A0C91BC942}") = "Bai_004", "Bai_004\Bai_004.vcxproj", "{2AF23E3C-D774-48D7-85CE-28A36538529E}"
EndProject
Project("{8BC9CEB8-8B4A-11D0-8D11-00A0C91BC942}") = "Bai_006", "Bai_006\Bai_006.vcxproj", "{C1B7DFEF-0939-4DF1-BB06-621D46E0AEAD}"
EndProject
Project("{8BC9CEB8-8B4A-11D0-8D11-00A0C91BC942}") = "Bai_008", "Bai_008\Bai_008.vcxproj", "{08CD906B-75FA-46D7-87B8-4664DAD77C3B}"
EndProject
Project("{8BC9CEB8-8B4A-11D0-8D11-00A0C91BC942}") = "Bai_010", "Bai_010\Bai_010.vcxproj", "{09871770-7B62-42F9-A111-050DF8F76744}"
EndProject
Project("{8BC9CEB8-8B4A-11D0-8D11-00A0C91BC942}") = "Bai_012", "Bai_012\Bai_012.vcxproj", "{EA4F8EFF-1390-470A-9582-2CC3669E69FC}"
EndProject
Project("{8BC9CEB8-8B4A-11D0-8D11-00A0C91BC942}") = "Bai_014", "Bai_014\Bai_014.vcxproj", "{F2E7F821-D926-464A-BE65-53463D6C290C}"
EndProject
Project("{8BC9CEB8-8B4A-11D0-8D11-00A0C91BC942}") = "Bai_016", "Bai_016\Bai_016.vcxproj", "{F405B7C6-9E05-4D11-A2A2-8A1C1AAC05B0}"
EndProject
Project("{8BC9CEB8-8B4A-11D0-8D11-00A0C91BC942}") = "Bai_018", "Bai_018\Bai_018.vcxproj", "{27E1AF21-10A1-4454-8AD7-5456164F1DCA}"
EndProject
Project("{8BC9CEB8-8B4A-11D0-8D11-00A0C91BC942}") = "Bai_020", "Bai_020\Bai_020.vcxproj", "{57D5630A-DF03-4F65-8F23-0A88F10B7D68}"
EndProject
Project("{8BC9CEB8-8B4A-11D0-8D11-00A0C91BC942}") = "Bai_022", "Bai_022\Bai_022.vcxproj", "{592309E2-CD6A-40BA-987F-E55513AA5AC7}"
EndProject
Project("{8BC9CEB8-8B4A-11D0-8D11-00A0C91BC942}") = "Bai_024", "Bai_024\Bai_024.vcxproj", "{4AF6BBE2-4A88-45B5-A487-FE3767094B21}"
EndProject
Project("{8BC9CEB8-8B4A-11D0-8D11-00A0C91BC942}") = "Bai_026", "Bai_026\Bai_026.vcxproj", "{CAC58895-8814-49B7-8451-716C2F308106}"
EndProject
Project("{8BC9CEB8-8B4A-11D0-8D11-00A0C91BC942}") = "Bai_028", "Bai_028\Bai_028.vcxproj", "{646112D8-659E-4EA5-997C-F7CF5C8EE45A}"
EndProject
Project("{8BC9CEB8-8B4A-11D0-8D11-00A0C91BC942}") = "Bai_084", "Bai_084\Bai_084.vcxproj", "{0889008E-A29E-41EB-BC76-F6FA696DE324}"
EndProject
Project("{8BC9CEB8-8B4A-11D0-8D11-00A0C91BC942}") = "Bai_030", "Bai_030\Bai_030.vcxproj", "{B643A3DE-A147-4FD7-B33B-EDDF2258EA75}"
EndProject
Project("{8BC9CEB8-8B4A-11D0-8D11-00A0C91BC942}") = "Bai_032", "Bai_032\Bai_032.vcxproj", "{71F4C0CE-5FF1-43F8-A6EB-6FD73B61697E}"
EndProject
Project("{8BC9CEB8-8B4A-11D0-8D11-00A0C91BC942}") = "Bai_034", "Bai_034\Bai_034.vcxproj", "{C65C607F-E8FA-4BEE-B938-D13D06DA0E76}"
EndProject
Project("{8BC9CEB8-8B4A-11D0-8D11-00A0C91BC942}") = "Bai_036", "Bai_036\Bai_036.vcxproj", "{74E8FC25-8F9A-4959-9E8A-5498F31A5DD8}"
EndProject
Project("{8BC9CEB8-8B4A-11D0-8D11-00A0C91BC942}") = "Bai_038", "Bai_038\Bai_038.vcxproj", "{DFD300F3-DC6C-4F2C-9D0E-577EDB2DD9CD}"
EndProject
Project("{8BC9CEB8-8B4A-11D0-8D11-00A0C91BC942}") = "Bai_040", "Bai_040\Bai_040.vcxproj", "{DC4F70B6-6CF7-467B-ABAC-117BC53CBE16}"
EndProject
Project("{8BC9CEB8-8B4A-11D0-8D11-00A0C91BC942}") = "Bai_042", "Bai_042\Bai_042.vcxproj", "{71880377-ED25-4236-9E12-8232F539F4D2}"
EndProject
Project("{8BC9CEB8-8B4A-11D0-8D11-00A0C91BC942}") = "Bai_044", "Bai_044\Bai_044.vcxproj", "{A987A7F1-0FB4-465D-8717-7DF3C9DAB086}"
EndProject
Project("{8BC9CEB8-8B4A-11D0-8D11-00A0C91BC942}") = "Bai_046", "Bai_046\Bai_046.vcxproj", "{1727A8B3-7F0B-45A9-BE55-E5EB37CACF27}"
EndProject
Project("{8BC9CEB8-8B4A-11D0-8D11-00A0C91BC942}") = "Bai_048", "Bai_048\Bai_048.vcxproj", "{BA8FE7FE-2C54-41F3-8E27-A5042B124D2A}"
EndProject
Project("{8BC9CEB8-8B4A-11D0-8D11-00A0C91BC942}") = "Bai_050", "Bai_050\Bai_050.vcxproj", "{1BA233EC-A65A-40CB-8E74-15F44CA43A51}"
EndProject
Project("{8BC9CEB8-8B4A-11D0-8D11-00A0C91BC942}") = "Bai_052", "Bai_052\Bai_052.vcxproj", "{B80474D8-72A9-4C22-B629-D563D2403635}"
EndProject
Project("{8BC9CEB8-8B4A-11D0-8D11-00A0C91BC942}") = "Bai_054", "Bai_054\Bai_054.vcxproj", "{92F65920-0593-4B10-A5D1-E5B4731B2466}"
EndProject
Project("{8BC9CEB8-8B4A-11D0-8D11-00A0C91BC942}") = "Bai_056", "Bai_056\Bai_056.vcxproj", "{B2438980-9AB7-4D27-8D70-ABE55AF07686}"
EndProject
Project("{8BC9CEB8-8B4A-11D0-8D11-00A0C91BC942}") = "Bai_058", "Bai_058\Bai_058.vcxproj", "{66BC8F8D-6B89-418D-A7CA-858D2C836E10}"
EndProject
Project("{8BC9CEB8-8B4A-11D0-8D11-00A0C91BC942}") = "Bai_060", "Bai_060\Bai_060.vcxproj", "{91BE4DA2-5488-4C17-96E7-1FC6807FD8C8}"
EndProject
Project("{8BC9CEB8-8B4A-11D0-8D11-00A0C91BC942}") = "Bai_062", "Bai_062\Bai_062.vcxproj", "{DA40A983-A181-443F-B10E-CDDDE65C0273}"
EndProject
Project("{8BC9CEB8-8B4A-11D0-8D11-00A0C91BC942}") = "Bai_064", "Bai_064\Bai_064.vcxproj", "{350D925F-AF1F-4B0C-8249-B7E8E37C8426}"
EndProject
Project("{8BC9CEB8-8B4A-11D0-8D11-00A0C91BC942}") = "Bai_066", "Bai_066\Bai_066.vcxproj", "{3326F73D-CB5D-4679-8201-0C5FA5604806}"
EndProject
Project("{8BC9CEB8-8B4A-11D0-8D11-00A0C91BC942}") = "Bai_068", "Bai_068\Bai_068.vcxproj", "{17E57C0B-96C8-45DA-9F30-18C2104CBA61}"
EndProject
Project("{8BC9CEB8-8B4A-11D0-8D11-00A0C91BC942}") = "Bai_070", "Bai_070\Bai_070.vcxproj", "{9EEEA60D-4AFE-401F-A6C3-64F8D8D4DD01}"
EndProject
Project("{8BC9CEB8-8B4A-11D0-8D11-00A0C91BC942}") = "Bai_072", "Bai_072\Bai_072.vcxproj", "{58118EEF-125A-4D54-BA0B-6C822B1C6D32}"
EndProject
Project("{8BC9CEB8-8B4A-11D0-8D11-00A0C91BC942}") = "Bai_074", "Bai_074\Bai_074.vcxproj", "{94219B4D-CDFC-4D07-8FC0-B265E3DD3146}"
EndProject
Project("{8BC9CEB8-8B4A-11D0-8D11-00A0C91BC942}") = "Bai_076", "Bai_076\Bai_076.vcxproj", "{432C2FAF-055F-4C32-9BE6-8B6E1CAD21E1}"
EndProject
Project("{8BC9CEB8-8B4A-11D0-8D11-00A0C91BC942}") = "Bai_078", "Bai_078\Bai_078.vcxproj", "{E1AF310E-DD14-4576-8706-BF0244D24D69}"
EndProject
Project("{8BC9CEB8-8B4A-11D0-8D11-00A0C91BC942}") = "Bai_080", "Bai_080\Bai_080.vcxproj", "{13DD29B5-0E69-4BEE-A860-36147E72760F}"
EndProject
Project("{8BC9CEB8-8B4A-11D0-8D11-00A0C91BC942}") = "Bai_082", "Bai_082\Bai_082.vcxproj", "{FB5AD9E1-9A72-4BA2-9D2F-D9653CB04246}"
EndProject
Project("{8BC9CEB8-8B4A-11D0-8D11-00A0C91BC942}") = "Bai_086", "Bai_086\Bai_086.vcxproj", "{284D4520-53CE-4AAA-A933-FCEA86009B91}"
EndProject
Project("{8BC9CEB8-8B4A-11D0-8D11-00A0C91BC942}") = "Bai_088", "Bai_088\Bai_088.vcxproj", "{C9F3AD2A-2010-43AA-9A2E-4FCB0CC91B30}"
EndProject
Project("{8BC9CEB8-8B4A-11D0-8D11-00A0C91BC942}") = "Bai_090", "Bai_090\Bai_090.vcxproj", "{0FD4683E-B2A5-4B52-BCD3-2570FEBB6B38}"
EndProject
Project("{8BC9CEB8-8B4A-11D0-8D11-00A0C91BC942}") = "Bai_092", "Bai_092\Bai_092.vcxproj", "{8D48E704-9527-420F-9756-711657E24D84}"
EndProject
Project("{8BC9CEB8-8B4A-11D0-8D11-00A0C91BC942}") = "Bai_094", "Bai_094\Bai_094.vcxproj", "{B10B6AF6-D279-4589-BF12-7BB2CE67ADB5}"
EndProject
Project("{8BC9CEB8-8B4A-11D0-8D11-00A0C91BC942}") = "Bai_096", "Bai_096\Bai_096.vcxproj", "{63E4E7FB-05D2-437B-81C2-211AED3A9302}"
EndProject
Project("{8BC9CEB8-8B4A-11D0-8D11-00A0C91BC942}") = "Bai_098", "Bai_098\Bai_098.vcxproj", "{D1FC2D29-2287-44A1-9C01-292FBADBEF14}"
EndProject
Project("{8BC9CEB8-8B4A-11D0-8D11-00A0C91BC942}") = "Bai_100", "Bai_100\Bai_100.vcxproj", "{A3034512-253F-42A0-A652-E0AB1F562E74}"
EndProject
Project("{8BC9CEB8-8B4A-11D0-8D11-00A0C91BC942}") = "Bai_102", "Bai_102\Bai_102.vcxproj", "{198AA577-5F60-4D36-BEF7-DC237D0B5989}"
EndProject
Project("{8BC9CEB8-8B4A-11D0-8D11-00A0C91BC942}") = "Bai_104", "Bai_104\Bai_104.vcxproj", "{9476C1A8-DCF2-4FFA-B48B-AC68DFC00907}"
EndProject
Project("{8BC9CEB8-8B4A-11D0-8D11-00A0C91BC942}") = "Bai_106", "Bai_106\Bai_106.vcxproj", "{9F7CDB43-3B46-4E4F-A019-1B81B157CB7A}"
EndProject
Project("{8BC9CEB8-8B4A-11D0-8D11-00A0C91BC942}") = "Bai_108", "Bai_108\Bai_108.vcxproj", "{CB98F453-71CC-4A55-8F7B-EB70CD9FE4F4}"
EndProject
Project("{8BC9CEB8-8B4A-11D0-8D11-00A0C91BC942}") = "Bai_110", "Bai_110\Bai_110.vcxproj", "{AABA929E-18F6-4280-88F0-9CE94C74FC06}"
EndProject
Project("{8BC9CEB8-8B4A-11D0-8D11-00A0C91BC942}") = "Bai_112", "Bai_112\Bai_112.vcxproj", "{E689199B-71F6-4354-854F-A3BA6F07BB05}"
EndProject
Project("{8BC9CEB8-8B4A-11D0-8D11-00A0C91BC942}") = "Bai_114", "Bai_114\Bai_114.vcxproj", "{B26C817C-BBC5-4981-A416-2C921A6AA8A7}"
EndProject
Project("{8BC9CEB8-8B4A-11D0-8D11-00A0C91BC942}") = "Bai_116", "Bai_116\Bai_116.vcxproj", "{9AF477B8-D27D-4205-BCAF-F0C6C3F60EEE}"
EndProject
Project("{8BC9CEB8-8B4A-11D0-8D11-00A0C91BC942}") = "Bai_118", "Bai_118\Bai_118.vcxproj", "{67F5E749-1768-4884-A28D-6ED8BAF36534}"
EndProject
Project("{8BC9CEB8-8B4A-11D0-8D11-00A0C91BC942}") = "Bai_120", "Bai_120\Bai_120.vcxproj", "{22C0514E-B6F8-438D-8E6D-521C6C0F6FD8}"
EndProject
Project("{8BC9CEB8-8B4A-11D0-8D11-00A0C91BC942}") = "Bai_122", "Bai_122\Bai_122.vcxproj", "{2016590C-CFF9-46B8-B1F7-90456FE4AA5C}"
EndProject
Project("{8BC9CEB8-8B4A-11D0-8D11-00A0C91BC942}") = "Bai_124", "Bai_124\Bai_124.vcxproj", "{2368B087-15BA-4443-9D21-A2EB88D14ABA}"
EndProject
Project("{8BC9CEB8-8B4A-11D0-8D11-00A0C91BC942}") = "Bai_126", "Bai_126\Bai_126.vcxproj", "{B18BDF2C-F9DA-4D62-94EF-75284FB8F94B}"
EndProject
Project("{8BC9CEB8-8B4A-11D0-8D11-00A0C91BC942}") = "Bai_128", "Bai_128\Bai_128.vcxproj", "{2A6262C5-9452-4C41-84BC-4E3503D30D2D}"
EndProject
Project("{8BC9CEB8-8B4A-11D0-8D11-00A0C91BC942}") = "Bai_130", "Bai_130\Bai_130.vcxproj", "{0FF3F7BD-D13C-4E35-896E-E1E3937B6D82}"
EndProject
Project("{8BC9CEB8-8B4A-11D0-8D11-00A0C91BC942}") = "Bai_132", "Bai_132\Bai_132.vcxproj", "{C735CEBB-4F7C-4AEA-9491-21C4DB526E03}"
EndProject
Project("{8BC9CEB8-8B4A-11D0-8D11-00A0C91BC942}") = "Bai_134", "Bai_134\Bai_134.vcxproj", "{B2CC407C-DF14-4705-BF7F-777375E2F966}"
EndProject
Project("{8BC9CEB8-8B4A-11D0-8D11-00A0C91BC942}") = "Bai_136", "Bai_136\Bai_136.vcxproj", "{07CC7ECF-D24B-4129-AEEE-3B72F1AADF1A}"
EndProject
Project("{8BC9CEB8-8B4A-11D0-8D11-00A0C91BC942}") = "Bai_138", "Bai_138\Bai_138.vcxproj", "{47F6D828-EA23-4794-9C08-F5C79F1B1BE4}"
EndProject
Project("{8BC9CEB8-8B4A-11D0-8D11-00A0C91BC942}") = "Bai_140", "Bai_140\Bai_140.vcxproj", "{3491F2EF-BD23-4599-9572-FFEDD1645E9F}"
EndProject
Project("{8BC9CEB8-8B4A-11D0-8D11-00A0C91BC942}") = "Bai_142", "Bai_142\Bai_142.vcxproj", "{28633430-CADA-4F55-AF89-6182170D9A54}"
EndProject
Project("{8BC9CEB8-8B4A-11D0-8D11-00A0C91BC942}") = "Bai_144", "Bai_144\Bai_144.vcxproj", "{D1665062-ED65-49B4-89D4-DCFE499548F2}"
EndProject
Project("{8BC9CEB8-8B4A-11D0-8D11-00A0C91BC942}") = "Bai_146", "Bai_146\Bai_146.vcxproj", "{4945199D-AA36-4DC3-B2F5-672E263CB1EA}"
EndProject
Project("{8BC9CEB8-8B4A-11D0-8D11-00A0C91BC942}") = "Bai_148", "Bai_148\Bai_148.vcxproj", "{483CA524-7C1B-4F53-B5DC-2749FCE3D387}"
EndProject
Project("{8BC9CEB8-8B4A-11D0-8D11-00A0C91BC942}") = "Bai_150", "Bai_150\Bai_150.vcxproj", "{C0CA4046-0A92-44CD-90DC-C881086FA463}"
EndProject
Project("{8BC9CEB8-8B4A-11D0-8D11-00A0C91BC942}") = "Bai_152", "Bai_152\Bai_152.vcxproj", "{0C2DCEAE-AD83-4944-A27B-05F3B476CECB}"
EndProject
Project("{8BC9CEB8-8B4A-11D0-8D11-00A0C91BC942}") = "Bai_154", "Bai_154\Bai_154.vcxproj", "{0B47872E-45B6-4DF8-8F75-D02D75FD1AAC}"
EndProject
Project("{8BC9CEB8-8B4A-11D0-8D11-00A0C91BC942}") = "Bai_156", "Bai_156\Bai_156.vcxproj", "{5C7AD5FC-F455-4DCB-A52B-5C63A3AD9BFD}"
EndProject
Project("{8BC9CEB8-8B4A-11D0-8D11-00A0C91BC942}") = "Bai_158", "Bai_158\Bai_158.vcxproj", "{30FFBAC7-8F00-4A54-93B6-3A2375682831}"
EndProject
Project("{8BC9CEB8-8B4A-11D0-8D11-00A0C91BC942}") = "Bai_160", "Bai_160\Bai_160.vcxproj", "{D204B2F4-E3D4-4592-9FB3-EE186CFC4FDB}"
EndProject
Project("{8BC9CEB8-8B4A-11D0-8D11-00A0C91BC942}") = "Bai_162", "Bai_162\Bai_162.vcxproj", "{3AD963B6-ACE3-4E17-924A-9C4DC183B987}"
EndProject
Project("{8BC9CEB8-8B4A-11D0-8D11-00A0C91BC942}") = "Bai_164", "Bai_164\Bai_164.vcxproj", "{69FE8B72-5133-45B6-AB65-BFC954FAF233}"
EndProject
Project("{8BC9CEB8-8B4A-11D0-8D11-00A0C91BC942}") = "Bai_166", "Bai_166\Bai_166.vcxproj", "{F1A3911A-15EE-42E7-9581-B304DB56219B}"
EndProject
Global
	GlobalSection(SolutionConfigurationPlatforms) = preSolution
		Debug|x64 = Debug|x64
		Debug|x86 = Debug|x86
		Release|x64 = Release|x64
		Release|x86 = Release|x86
	EndGlobalSection
	GlobalSection(ProjectConfigurationPlatforms) = postSolution
		{BFF4D973-23D9-448B-A496-59FF91EB90DB}.Debug|x64.ActiveCfg = Debug|x64
		{BFF4D973-23D9-448B-A496-59FF91EB90DB}.Debug|x64.Build.0 = Debug|x64
		{BFF4D973-23D9-448B-A496-59FF91EB90DB}.Debug|x86.ActiveCfg = Debug|Win32
		{BFF4D973-23D9-448B-A496-59FF91EB90DB}.Debug|x86.Build.0 = Debug|Win32
		{BFF4D973-23D9-448B-A496-59FF91EB90DB}.Release|x64.ActiveCfg = Release|x64
		{BFF4D973-23D9-448B-A496-59FF91EB90DB}.Release|x64.Build.0 = Release|x64
		{BFF4D973-23D9-448B-A496-59FF91EB90DB}.Release|x86.ActiveCfg = Release|Win32
		{BFF4D973-23D9-448B-A496-59FF91EB90DB}.Release|x86.Build.0 = Release|Win32
		{2407EC08-82AE-43D6-9132-B80080D6D040}.Debug|x64.ActiveCfg = Debug|x64
		{2407EC08-82AE-43D6-9132-B80080D6D040}.Debug|x64.Build.0 = Debug|x64
		{2407EC08-82AE-43D6-9132-B80080D6D040}.Debug|x86.ActiveCfg = Debug|Win32
		{2407EC08-82AE-43D6-9132-B80080D6D040}.Debug|x86.Build.0 = Debug|Win32
		{2407EC08-82AE-43D6-9132-B80080D6D040}.Release|x64.ActiveCfg = Release|x64
		{2407EC08-82AE-43D6-9132-B80080D6D040}.Release|x64.Build.0 = Release|x64
		{2407EC08-82AE-43D6-9132-B80080D6D040}.Release|x86.ActiveCfg = Release|Win32
		{2407EC08-82AE-43D6-9132-B80080D6D040}.Release|x86.Build.0 = Release|Win32
		{2AF23E3C-D774-48D7-85CE-28A36538529E}.Debug|x64.ActiveCfg = Debug|x64
		{2AF23E3C-D774-48D7-85CE-28A36538529E}.Debug|x64.Build.0 = Debug|x64
		{2AF23E3C-D774-48D7-85CE-28A36538529E}.Debug|x86.ActiveCfg = Debug|Win32
		{2AF23E3C-D774-48D7-85CE-28A36538529E}.Debug|x86.Build.0 = Debug|Win32
		{2AF23E3C-D774-48D7-85CE-28A36538529E}.Release|x64.ActiveCfg = Release|x64
		{2AF23E3C-D774-48D7-85CE-28A36538529E}.Release|x64.Build.0 = Release|x64
		{2AF23E3C-D774-48D7-85CE-28A36538529E}.Release|x86.ActiveCfg = Release|Win32
		{2AF23E3C-D774-48D7-85CE-28A36538529E}.Release|x86.Build.0 = Release|Win32
		{C1B7DFEF-0939-4DF1-BB06-621D46E0AEAD}.Debug|x64.ActiveCfg = Debug|x64
		{C1B7DFEF-0939-4DF1-BB06-621D46E0AEAD}.Debug|x64.Build.0 = Debug|x64
		{C1B7DFEF-0939-4DF1-BB06-621D46E0AEAD}.Debug|x86.ActiveCfg = Debug|Win32
		{C1B7DFEF-0939-4DF1-BB06-621D46E0AEAD}.Debug|x86.Build.0 = Debug|Win32
		{C1B7DFEF-0939-4DF1-BB06-621D46E0AEAD}.Release|x64.ActiveCfg = Release|x64
		{C1B7DFEF-0939-4DF1-BB06-621D46E0AEAD}.Release|x64.Build.0 = Release|x64
		{C1B7DFEF-0939-4DF1-BB06-621D46E0AEAD}.Release|x86.ActiveCfg = Release|Win32
		{C1B7DFEF-0939-4DF1-BB06-621D46E0AEAD}.Release|x86.Build.0 = Release|Win32
		{08CD906B-75FA-46D7-87B8-4664DAD77C3B}.Debug|x64.ActiveCfg = Debug|x64
		{08CD906B-75FA-46D7-87B8-4664DAD77C3B}.Debug|x64.Build.0 = Debug|x64
		{08CD906B-75FA-46D7-87B8-4664DAD77C3B}.Debug|x86.ActiveCfg = Debug|Win32
		{08CD906B-75FA-46D7-87B8-4664DAD77C3B}.Debug|x86.Build.0 = Debug|Win32
		{08CD906B-75FA-46D7-87B8-4664DAD77C3B}.Release|x64.ActiveCfg = Release|x64
		{08CD906B-75FA-46D7-87B8-4664DAD77C3B}.Release|x64.Build.0 = Release|x64
		{08CD906B-75FA-46D7-87B8-4664DAD77C3B}.Release|x86.ActiveCfg = Release|Win32
		{08CD906B-75FA-46D7-87B8-4664DAD77C3B}.Release|x86.Build.0 = Release|Win32
		{09871770-7B62-42F9-A111-050DF8F76744}.Debug|x64.ActiveCfg = Debug|x64
		{09871770-7B62-42F9-A111-050DF8F76744}.Debug|x64.Build.0 = Debug|x64
		{09871770-7B62-42F9-A111-050DF8F76744}.Debug|x86.ActiveCfg = Debug|Win32
		{09871770-7B62-42F9-A111-050DF8F76744}.Debug|x86.Build.0 = Debug|Win32
		{09871770-7B62-42F9-A111-050DF8F76744}.Release|x64.ActiveCfg = Release|x64
		{09871770-7B62-42F9-A111-050DF8F76744}.Release|x64.Build.0 = Release|x64
		{09871770-7B62-42F9-A111-050DF8F76744}.Release|x86.ActiveCfg = Release|Win32
		{09871770-7B62-42F9-A111-050DF8F76744}.Release|x86.Build.0 = Release|Win32
		{EA4F8EFF-1390-470A-9582-2CC3669E69FC}.Debug|x64.ActiveCfg = Debug|x64
		{EA4F8EFF-1390-470A-9582-2CC3669E69FC}.Debug|x64.Build.0 = Debug|x64
		{EA4F8EFF-1390-470A-9582-2CC3669E69FC}.Debug|x86.ActiveCfg = Debug|Win32
		{EA4F8EFF-1390-470A-9582-2CC3669E69FC}.Debug|x86.Build.0 = Debug|Win32
		{EA4F8EFF-1390-470A-9582-2CC3669E69FC}.Release|x64.ActiveCfg = Release|x64
		{EA4F8EFF-1390-470A-9582-2CC3669E69FC}.Release|x64.Build.0 = Release|x64
		{EA4F8EFF-1390-470A-9582-2CC3669E69FC}.Release|x86.ActiveCfg = Release|Win32
		{EA4F8EFF-1390-470A-9582-2CC3669E69FC}.Release|x86.Build.0 = Release|Win32
		{F2E7F821-D926-464A-BE65-53463D6C290C}.Debug|x64.ActiveCfg = Debug|x64
		{F2E7F821-D926-464A-BE65-53463D6C290C}.Debug|x64.Build.0 = Debug|x64
		{F2E7F821-D926-464A-BE65-53463D6C290C}.Debug|x86.ActiveCfg = Debug|Win32
		{F2E7F821-D926-464A-BE65-53463D6C290C}.Debug|x86.Build.0 = Debug|Win32
		{F2E7F821-D926-464A-BE65-53463D6C290C}.Release|x64.ActiveCfg = Release|x64
		{F2E7F821-D926-464A-BE65-53463D6C290C}.Release|x64.Build.0 = Release|x64
		{F2E7F821-D926-464A-BE65-53463D6C290C}.Release|x86.ActiveCfg = Release|Win32
		{F2E7F821-D926-464A-BE65-53463D6C290C}.Release|x86.Build.0 = Release|Win32
		{F405B7C6-9E05-4D11-A2A2-8A1C1AAC05B0}.Debug|x64.ActiveCfg = Debug|x64
		{F405B7C6-9E05-4D11-A2A2-8A1C1AAC05B0}.Debug|x64.Build.0 = Debug|x64
		{F405B7C6-9E05-4D11-A2A2-8A1C1AAC05B0}.Debug|x86.ActiveCfg = Debug|Win32
		{F405B7C6-9E05-4D11-A2A2-8A1C1AAC05B0}.Debug|x86.Build.0 = Debug|Win32
		{F405B7C6-9E05-4D11-A2A2-8A1C1AAC05B0}.Release|x64.ActiveCfg = Release|x64
		{F405B7C6-9E05-4D11-A2A2-8A1C1AAC05B0}.Release|x64.Build.0 = Release|x64
		{F405B7C6-9E05-4D11-A2A2-8A1C1AAC05B0}.Release|x86.ActiveCfg = Release|Win32
		{F405B7C6-9E05-4D11-A2A2-8A1C1AAC05B0}.Release|x86.Build.0 = Release|Win32
		{27E1AF21-10A1-4454-8AD7-5456164F1DCA}.Debug|x64.ActiveCfg = Debug|x64
		{27E1AF21-10A1-4454-8AD7-5456164F1DCA}.Debug|x64.Build.0 = Debug|x64
		{27E1AF21-10A1-4454-8AD7-5456164F1DCA}.Debug|x86.ActiveCfg = Debug|Win32
		{27E1AF21-10A1-4454-8AD7-5456164F1DCA}.Debug|x86.Build.0 = Debug|Win32
		{27E1AF21-10A1-4454-8AD7-5456164F1DCA}.Release|x64.ActiveCfg = Release|x64
		{27E1AF21-10A1-4454-8AD7-5456164F1DCA}.Release|x64.Build.0 = Release|x64
		{27E1AF21-10A1-4454-8AD7-5456164F1DCA}.Release|x86.ActiveCfg = Release|Win32
		{27E1AF21-10A1-4454-8AD7-5456164F1DCA}.Release|x86.Build.0 = Release|Win32
		{57D5630A-DF03-4F65-8F23-0A88F10B7D68}.Debug|x64.ActiveCfg = Debug|x64
		{57D5630A-DF03-4F65-8F23-0A88F10B7D68}.Debug|x64.Build.0 = Debug|x64
		{57D5630A-DF03-4F65-8F23-0A88F10B7D68}.Debug|x86.ActiveCfg = Debug|Win32
		{57D5630A-DF03-4F65-8F23-0A88F10B7D68}.Debug|x86.Build.0 = Debug|Win32
		{57D5630A-DF03-4F65-8F23-0A88F10B7D68}.Release|x64.ActiveCfg = Release|x64
		{57D5630A-DF03-4F65-8F23-0A88F10B7D68}.Release|x64.Build.0 = Release|x64
		{57D5630A-DF03-4F65-8F23-0A88F10B7D68}.Release|x86.ActiveCfg = Release|Win32
		{57D5630A-DF03-4F65-8F23-0A88F10B7D68}.Release|x86.Build.0 = Release|Win32
		{592309E2-CD6A-40BA-987F-E55513AA5AC7}.Debug|x64.ActiveCfg = Debug|x64
		{592309E2-CD6A-40BA-987F-E55513AA5AC7}.Debug|x64.Build.0 = Debug|x64
		{592309E2-CD6A-40BA-987F-E55513AA5AC7}.Debug|x86.ActiveCfg = Debug|Win32
		{592309E2-CD6A-40BA-987F-E55513AA5AC7}.Debug|x86.Build.0 = Debug|Win32
		{592309E2-CD6A-40BA-987F-E55513AA5AC7}.Release|x64.ActiveCfg = Release|x64
		{592309E2-CD6A-40BA-987F-E55513AA5AC7}.Release|x64.Build.0 = Release|x64
		{592309E2-CD6A-40BA-987F-E55513AA5AC7}.Release|x86.ActiveCfg = Release|Win32
		{592309E2-CD6A-40BA-987F-E55513AA5AC7}.Release|x86.Build.0 = Release|Win32
		{4AF6BBE2-4A88-45B5-A487-FE3767094B21}.Debug|x64.ActiveCfg = Debug|x64
		{4AF6BBE2-4A88-45B5-A487-FE3767094B21}.Debug|x64.Build.0 = Debug|x64
		{4AF6BBE2-4A88-45B5-A487-FE3767094B21}.Debug|x86.ActiveCfg = Debug|Win32
		{4AF6BBE2-4A88-45B5-A487-FE3767094B21}.Debug|x86.Build.0 = Debug|Win32
		{4AF6BBE2-4A88-45B5-A487-FE3767094B21}.Release|x64.ActiveCfg = Release|x64
		{4AF6BBE2-4A88-45B5-A487-FE3767094B21}.Release|x64.Build.0 = Release|x64
		{4AF6BBE2-4A88-45B5-A487-FE3767094B21}.Release|x86.ActiveCfg = Release|Win32
		{4AF6BBE2-4A88-45B5-A487-FE3767094B21}.Release|x86.Build.0 = Release|Win32
		{CAC58895-8814-49B7-8451-716C2F308106}.Debug|x64.ActiveCfg = Debug|x64
		{CAC58895-8814-49B7-8451-716C2F308106}.Debug|x64.Build.0 = Debug|x64
		{CAC58895-8814-49B7-8451-716C2F308106}.Debug|x86.ActiveCfg = Debug|Win32
		{CAC58895-8814-49B7-8451-716C2F308106}.Debug|x86.Build.0 = Debug|Win32
		{CAC58895-8814-49B7-8451-716C2F308106}.Release|x64.ActiveCfg = Release|x64
		{CAC58895-8814-49B7-8451-716C2F308106}.Release|x64.Build.0 = Release|x64
		{CAC58895-8814-49B7-8451-716C2F308106}.Release|x86.ActiveCfg = Release|Win32
		{CAC58895-8814-49B7-8451-716C2F308106}.Release|x86.Build.0 = Release|Win32
		{646112D8-659E-4EA5-997C-F7CF5C8EE45A}.Debug|x64.ActiveCfg = Debug|x64
		{646112D8-659E-4EA5-997C-F7CF5C8EE45A}.Debug|x64.Build.0 = Debug|x64
		{646112D8-659E-4EA5-997C-F7CF5C8EE45A}.Debug|x86.ActiveCfg = Debug|Win32
		{646112D8-659E-4EA5-997C-F7CF5C8EE45A}.Debug|x86.Build.0 = Debug|Win32
		{646112D8-659E-4EA5-997C-F7CF5C8EE45A}.Release|x64.ActiveCfg = Release|x64
		{646112D8-659E-4EA5-997C-F7CF5C8EE45A}.Release|x64.Build.0 = Release|x64
		{646112D8-659E-4EA5-997C-F7CF5C8EE45A}.Release|x86.ActiveCfg = Release|Win32
		{646112D8-659E-4EA5-997C-F7CF5C8EE45A}.Release|x86.Build.0 = Release|Win32
		{0889008E-A29E-41EB-BC76-F6FA696DE324}.Debug|x64.ActiveCfg = Debug|x64
		{0889008E-A29E-41EB-BC76-F6FA696DE324}.Debug|x64.Build.0 = Debug|x64
		{0889008E-A29E-41EB-BC76-F6FA696DE324}.Debug|x86.ActiveCfg = Debug|Win32
		{0889008E-A29E-41EB-BC76-F6FA696DE324}.Debug|x86.Build.0 = Debug|Win32
		{0889008E-A29E-41EB-BC76-F6FA696DE324}.Release|x64.ActiveCfg = Release|x64
		{0889008E-A29E-41EB-BC76-F6FA696DE324}.Release|x64.Build.0 = Release|x64
		{0889008E-A29E-41EB-BC76-F6FA696DE324}.Release|x86.ActiveCfg = Release|Win32
		{0889008E-A29E-41EB-BC76-F6FA696DE324}.Release|x86.Build.0 = Release|Win32
		{B643A3DE-A147-4FD7-B33B-EDDF2258EA75}.Debug|x64.ActiveCfg = Debug|x64
		{B643A3DE-A147-4FD7-B33B-EDDF2258EA75}.Debug|x64.Build.0 = Debug|x64
		{B643A3DE-A147-4FD7-B33B-EDDF2258EA75}.Debug|x86.ActiveCfg = Debug|Win32
		{B643A3DE-A147-4FD7-B33B-EDDF2258EA75}.Debug|x86.Build.0 = Debug|Win32
		{B643A3DE-A147-4FD7-B33B-EDDF2258EA75}.Release|x64.ActiveCfg = Release|x64
		{B643A3DE-A147-4FD7-B33B-EDDF2258EA75}.Release|x64.Build.0 = Release|x64
		{B643A3DE-A147-4FD7-B33B-EDDF2258EA75}.Release|x86.ActiveCfg = Release|Win32
		{B643A3DE-A147-4FD7-B33B-EDDF2258EA75}.Release|x86.Build.0 = Release|Win32
		{71F4C0CE-5FF1-43F8-A6EB-6FD73B61697E}.Debug|x64.ActiveCfg = Debug|x64
		{71F4C0CE-5FF1-43F8-A6EB-6FD73B61697E}.Debug|x64.Build.0 = Debug|x64
		{71F4C0CE-5FF1-43F8-A6EB-6FD73B61697E}.Debug|x86.ActiveCfg = Debug|Win32
		{71F4C0CE-5FF1-43F8-A6EB-6FD73B61697E}.Debug|x86.Build.0 = Debug|Win32
		{71F4C0CE-5FF1-43F8-A6EB-6FD73B61697E}.Release|x64.ActiveCfg = Release|x64
		{71F4C0CE-5FF1-43F8-A6EB-6FD73B61697E}.Release|x64.Build.0 = Release|x64
		{71F4C0CE-5FF1-43F8-A6EB-6FD73B61697E}.Release|x86.ActiveCfg = Release|Win32
		{71F4C0CE-5FF1-43F8-A6EB-6FD73B61697E}.Release|x86.Build.0 = Release|Win32
		{C65C607F-E8FA-4BEE-B938-D13D06DA0E76}.Debug|x64.ActiveCfg = Debug|x64
		{C65C607F-E8FA-4BEE-B938-D13D06DA0E76}.Debug|x64.Build.0 = Debug|x64
		{C65C607F-E8FA-4BEE-B938-D13D06DA0E76}.Debug|x86.ActiveCfg = Debug|Win32
		{C65C607F-E8FA-4BEE-B938-D13D06DA0E76}.Debug|x86.Build.0 = Debug|Win32
		{C65C607F-E8FA-4BEE-B938-D13D06DA0E76}.Release|x64.ActiveCfg = Release|x64
		{C65C607F-E8FA-4BEE-B938-D13D06DA0E76}.Release|x64.Build.0 = Release|x64
		{C65C607F-E8FA-4BEE-B938-D13D06DA0E76}.Release|x86.ActiveCfg = Release|Win32
		{C65C607F-E8FA-4BEE-B938-D13D06DA0E76}.Release|x86.Build.0 = Release|Win32
		{74E8FC25-8F9A-4959-9E8A-5498F31A5DD8}.Debug|x64.ActiveCfg = Debug|x64
		{74E8FC25-8F9A-4959-9E8A-5498F31A5DD8}.Debug|x64.Build.0 = Debug|x64
		{74E8FC25-8F9A-4959-9E8A-5498F31A5DD8}.Debug|x86.ActiveCfg = Debug|Win32
		{74E8FC25-8F9A-4959-9E8A-5498F31A5DD8}.Debug|x86.Build.0 = Debug|Win32
		{74E8FC25-8F9A-4959-9E8A-5498F31A5DD8}.Release|x64.ActiveCfg = Release|x64
		{74E8FC25-8F9A-4959-9E8A-5498F31A5DD8}.Release|x64.Build.0 = Release|x64
		{74E8FC25-8F9A-4959-9E8A-5498F31A5DD8}.Release|x86.ActiveCfg = Release|Win32
		{74E8FC25-8F9A-4959-9E8A-5498F31A5DD8}.Release|x86.Build.0 = Release|Win32
		{DFD300F3-DC6C-4F2C-9D0E-577EDB2DD9CD}.Debug|x64.ActiveCfg = Debug|x64
		{DFD300F3-DC6C-4F2C-9D0E-577EDB2DD9CD}.Debug|x64.Build.0 = Debug|x64
		{DFD300F3-DC6C-4F2C-9D0E-577EDB2DD9CD}.Debug|x86.ActiveCfg = Debug|Win32
		{DFD300F3-DC6C-4F2C-9D0E-577EDB2DD9CD}.Debug|x86.Build.0 = Debug|Win32
		{DFD300F3-DC6C-4F2C-9D0E-577EDB2DD9CD}.Release|x64.ActiveCfg = Release|x64
		{DFD300F3-DC6C-4F2C-9D0E-577EDB2DD9CD}.Release|x64.Build.0 = Release|x64
		{DFD300F3-DC6C-4F2C-9D0E-577EDB2DD9CD}.Release|x86.ActiveCfg = Release|Win32
		{DFD300F3-DC6C-4F2C-9D0E-577EDB2DD9CD}.Release|x86.Build.0 = Release|Win32
		{DC4F70B6-6CF7-467B-ABAC-117BC53CBE16}.Debug|x64.ActiveCfg = Debug|x64
		{DC4F70B6-6CF7-467B-ABAC-117BC53CBE16}.Debug|x64.Build.0 = Debug|x64
		{DC4F70B6-6CF7-467B-ABAC-117BC53CBE16}.Debug|x86.ActiveCfg = Debug|Win32
		{DC4F70B6-6CF7-467B-ABAC-117BC53CBE16}.Debug|x86.Build.0 = Debug|Win32
		{DC4F70B6-6CF7-467B-ABAC-117BC53CBE16}.Release|x64.ActiveCfg = Release|x64
		{DC4F70B6-6CF7-467B-ABAC-117BC53CBE16}.Release|x64.Build.0 = Release|x64
		{DC4F70B6-6CF7-467B-ABAC-117BC53CBE16}.Release|x86.ActiveCfg = Release|Win32
		{DC4F70B6-6CF7-467B-ABAC-117BC53CBE16}.Release|x86.Build.0 = Release|Win32
		{71880377-ED25-4236-9E12-8232F539F4D2}.Debug|x64.ActiveCfg = Debug|x64
		{71880377-ED25-4236-9E12-8232F539F4D2}.Debug|x64.Build.0 = Debug|x64
		{71880377-ED25-4236-9E12-8232F539F4D2}.Debug|x86.ActiveCfg = Debug|Win32
		{71880377-ED25-4236-9E12-8232F539F4D2}.Debug|x86.Build.0 = Debug|Win32
		{71880377-ED25-4236-9E12-8232F539F4D2}.Release|x64.ActiveCfg = Release|x64
		{71880377-ED25-4236-9E12-8232F539F4D2}.Release|x64.Build.0 = Release|x64
		{71880377-ED25-4236-9E12-8232F539F4D2}.Release|x86.ActiveCfg = Release|Win32
		{71880377-ED25-4236-9E12-8232F539F4D2}.Release|x86.Build.0 = Release|Win32
		{A987A7F1-0FB4-465D-8717-7DF3C9DAB086}.Debug|x64.ActiveCfg = Debug|x64
		{A987A7F1-0FB4-465D-8717-7DF3C9DAB086}.Debug|x64.Build.0 = Debug|x64
		{A987A7F1-0FB4-465D-8717-7DF3C9DAB086}.Debug|x86.ActiveCfg = Debug|Win32
		{A987A7F1-0FB4-465D-8717-7DF3C9DAB086}.Debug|x86.Build.0 = Debug|Win32
		{A987A7F1-0FB4-465D-8717-7DF3C9DAB086}.Release|x64.ActiveCfg = Release|x64
		{A987A7F1-0FB4-465D-8717-7DF3C9DAB086}.Release|x64.Build.0 = Release|x64
		{A987A7F1-0FB4-465D-8717-7DF3C9DAB086}.Release|x86.ActiveCfg = Release|Win32
		{A987A7F1-0FB4-465D-8717-7DF3C9DAB086}.Release|x86.Build.0 = Release|Win32
		{1727A8B3-7F0B-45A9-BE55-E5EB37CACF27}.Debug|x64.ActiveCfg = Debug|x64
		{1727A8B3-7F0B-45A9-BE55-E5EB37CACF27}.Debug|x64.Build.0 = Debug|x64
		{1727A8B3-7F0B-45A9-BE55-E5EB37CACF27}.Debug|x86.ActiveCfg = Debug|Win32
		{1727A8B3-7F0B-45A9-BE55-E5EB37CACF27}.Debug|x86.Build.0 = Debug|Win32
		{1727A8B3-7F0B-45A9-BE55-E5EB37CACF27}.Release|x64.ActiveCfg = Release|x64
		{1727A8B3-7F0B-45A9-BE55-E5EB37CACF27}.Release|x64.Build.0 = Release|x64
		{1727A8B3-7F0B-45A9-BE55-E5EB37CACF27}.Release|x86.ActiveCfg = Release|Win32
		{1727A8B3-7F0B-45A9-BE55-E5EB37CACF27}.Release|x86.Build.0 = Release|Win32
		{BA8FE7FE-2C54-41F3-8E27-A5042B124D2A}.Debug|x64.ActiveCfg = Debug|x64
		{BA8FE7FE-2C54-41F3-8E27-A5042B124D2A}.Debug|x64.Build.0 = Debug|x64
		{BA8FE7FE-2C54-41F3-8E27-A5042B124D2A}.Debug|x86.ActiveCfg = Debug|Win32
		{BA8FE7FE-2C54-41F3-8E27-A5042B124D2A}.Debug|x86.Build.0 = Debug|Win32
		{BA8FE7FE-2C54-41F3-8E27-A5042B124D2A}.Release|x64.ActiveCfg = Release|x64
		{BA8FE7FE-2C54-41F3-8E27-A5042B124D2A}.Release|x64.Build.0 = Release|x64
		{BA8FE7FE-2C54-41F3-8E27-A5042B124D2A}.Release|x86.ActiveCfg = Release|Win32
		{BA8FE7FE-2C54-41F3-8E27-A5042B124D2A}.Release|x86.Build.0 = Release|Win32
		{1BA233EC-A65A-40CB-8E74-15F44CA43A51}.Debug|x64.ActiveCfg = Debug|x64
		{1BA233EC-A65A-40CB-8E74-15F44CA43A51}.Debug|x64.Build.0 = Debug|x64
		{1BA233EC-A65A-40CB-8E74-15F44CA43A51}.Debug|x86.ActiveCfg = Debug|Win32
		{1BA233EC-A65A-40CB-8E74-15F44CA43A51}.Debug|x86.Build.0 = Debug|Win32
		{1BA233EC-A65A-40CB-8E74-15F44CA43A51}.Release|x64.ActiveCfg = Release|x64
		{1BA233EC-A65A-40CB-8E74-15F44CA43A51}.Release|x64.Build.0 = Release|x64
		{1BA233EC-A65A-40CB-8E74-15F44CA43A51}.Release|x86.ActiveCfg = Release|Win32
		{1BA233EC-A65A-40CB-8E74-15F44CA43A51}.Release|x86.Build.0 = Release|Win32
		{B80474D8-72A9-4C22-B629-D563D2403635}.Debug|x64.ActiveCfg = Debug|x64
		{B80474D8-72A9-4C22-B629-D563D2403635}.Debug|x64.Build.0 = Debug|x64
		{B80474D8-72A9-4C22-B629-D563D2403635}.Debug|x86.ActiveCfg = Debug|Win32
		{B80474D8-72A9-4C22-B629-D563D2403635}.Debug|x86.Build.0 = Debug|Win32
		{B80474D8-72A9-4C22-B629-D563D2403635}.Release|x64.ActiveCfg = Release|x64
		{B80474D8-72A9-4C22-B629-D563D2403635}.Release|x64.Build.0 = Release|x64
		{B80474D8-72A9-4C22-B629-D563D2403635}.Release|x86.ActiveCfg = Release|Win32
		{B80474D8-72A9-4C22-B629-D563D2403635}.Release|x86.Build.0 = Release|Win32
		{92F65920-0593-4B10-A5D1-E5B4731B2466}.Debug|x64.ActiveCfg = Debug|x64
		{92F65920-0593-4B10-A5D1-E5B4731B2466}.Debug|x64.Build.0 = Debug|x64
		{92F65920-0593-4B10-A5D1-E5B4731B2466}.Debug|x86.ActiveCfg = Debug|Win32
		{92F65920-0593-4B10-A5D1-E5B4731B2466}.Debug|x86.Build.0 = Debug|Win32
		{92F65920-0593-4B10-A5D1-E5B4731B2466}.Release|x64.ActiveCfg = Release|x64
		{92F65920-0593-4B10-A5D1-E5B4731B2466}.Release|x64.Build.0 = Release|x64
		{92F65920-0593-4B10-A5D1-E5B4731B2466}.Release|x86.ActiveCfg = Release|Win32
		{92F65920-0593-4B10-A5D1-E5B4731B2466}.Release|x86.Build.0 = Release|Win32
		{B2438980-9AB7-4D27-8D70-ABE55AF07686}.Debug|x64.ActiveCfg = Debug|x64
		{B2438980-9AB7-4D27-8D70-ABE55AF07686}.Debug|x64.Build.0 = Debug|x64
		{B2438980-9AB7-4D27-8D70-ABE55AF07686}.Debug|x86.ActiveCfg = Debug|Win32
		{B2438980-9AB7-4D27-8D70-ABE55AF07686}.Debug|x86.Build.0 = Debug|Win32
		{B2438980-9AB7-4D27-8D70-ABE55AF07686}.Release|x64.ActiveCfg = Release|x64
		{B2438980-9AB7-4D27-8D70-ABE55AF07686}.Release|x64.Build.0 = Release|x64
		{B2438980-9AB7-4D27-8D70-ABE55AF07686}.Release|x86.ActiveCfg = Release|Win32
		{B2438980-9AB7-4D27-8D70-ABE55AF07686}.Release|x86.Build.0 = Release|Win32
		{66BC8F8D-6B89-418D-A7CA-858D2C836E10}.Debug|x64.ActiveCfg = Debug|x64
		{66BC8F8D-6B89-418D-A7CA-858D2C836E10}.Debug|x64.Build.0 = Debug|x64
		{66BC8F8D-6B89-418D-A7CA-858D2C836E10}.Debug|x86.ActiveCfg = Debug|Win32
		{66BC8F8D-6B89-418D-A7CA-858D2C836E10}.Debug|x86.Build.0 = Debug|Win32
		{66BC8F8D-6B89-418D-A7CA-858D2C836E10}.Release|x64.ActiveCfg = Release|x64
		{66BC8F8D-6B89-418D-A7CA-858D2C836E10}.Release|x64.Build.0 = Release|x64
		{66BC8F8D-6B89-418D-A7CA-858D2C836E10}.Release|x86.ActiveCfg = Release|Win32
		{66BC8F8D-6B89-418D-A7CA-858D2C836E10}.Release|x86.Build.0 = Release|Win32
		{91BE4DA2-5488-4C17-96E7-1FC6807FD8C8}.Debug|x64.ActiveCfg = Debug|x64
		{91BE4DA2-5488-4C17-96E7-1FC6807FD8C8}.Debug|x64.Build.0 = Debug|x64
		{91BE4DA2-5488-4C17-96E7-1FC6807FD8C8}.Debug|x86.ActiveCfg = Debug|Win32
		{91BE4DA2-5488-4C17-96E7-1FC6807FD8C8}.Debug|x86.Build.0 = Debug|Win32
		{91BE4DA2-5488-4C17-96E7-1FC6807FD8C8}.Release|x64.ActiveCfg = Release|x64
		{91BE4DA2-5488-4C17-96E7-1FC6807FD8C8}.Release|x64.Build.0 = Release|x64
		{91BE4DA2-5488-4C17-96E7-1FC6807FD8C8}.Release|x86.ActiveCfg = Release|Win32
		{91BE4DA2-5488-4C17-96E7-1FC6807FD8C8}.Release|x86.Build.0 = Release|Win32
		{DA40A983-A181-443F-B10E-CDDDE65C0273}.Debug|x64.ActiveCfg = Debug|x64
		{DA40A983-A181-443F-B10E-CDDDE65C0273}.Debug|x64.Build.0 = Debug|x64
		{DA40A983-A181-443F-B10E-CDDDE65C0273}.Debug|x86.ActiveCfg = Debug|Win32
		{DA40A983-A181-443F-B10E-CDDDE65C0273}.Debug|x86.Build.0 = Debug|Win32
		{DA40A983-A181-443F-B10E-CDDDE65C0273}.Release|x64.ActiveCfg = Release|x64
		{DA40A983-A181-443F-B10E-CDDDE65C0273}.Release|x64.Build.0 = Release|x64
		{DA40A983-A181-443F-B10E-CDDDE65C0273}.Release|x86.ActiveCfg = Release|Win32
		{DA40A983-A181-443F-B10E-CDDDE65C0273}.Release|x86.Build.0 = Release|Win32
		{350D925F-AF1F-4B0C-8249-B7E8E37C8426}.Debug|x64.ActiveCfg = Debug|x64
		{350D925F-AF1F-4B0C-8249-B7E8E37C8426}.Debug|x64.Build.0 = Debug|x64
		{350D925F-AF1F-4B0C-8249-B7E8E37C8426}.Debug|x86.ActiveCfg = Debug|Win32
		{350D925F-AF1F-4B0C-8249-B7E8E37C8426}.Debug|x86.Build.0 = Debug|Win32
		{350D925F-AF1F-4B0C-8249-B7E8E37C8426}.Release|x64.ActiveCfg = Release|x64
		{350D925F-AF1F-4B0C-8249-B7E8E37C8426}.Release|x64.Build.0 = Release|x64
		{350D925F-AF1F-4B0C-8249-B7E8E37C8426}.Release|x86.ActiveCfg = Release|Win32
		{350D925F-AF1F-4B0C-8249-B7E8E37C8426}.Release|x86.Build.0 = Release|Win32
		{3326F73D-CB5D-4679-8201-0C5FA5604806}.Debug|x64.ActiveCfg = Debug|x64
		{3326F73D-CB5D-4679-8201-0C5FA5604806}.Debug|x64.Build.0 = Debug|x64
		{3326F73D-CB5D-4679-8201-0C5FA5604806}.Debug|x86.ActiveCfg = Debug|Win32
		{3326F73D-CB5D-4679-8201-0C5FA5604806}.Debug|x86.Build.0 = Debug|Win32
		{3326F73D-CB5D-4679-8201-0C5FA5604806}.Release|x64.ActiveCfg = Release|x64
		{3326F73D-CB5D-4679-8201-0C5FA5604806}.Release|x64.Build.0 = Release|x64
		{3326F73D-CB5D-4679-8201-0C5FA5604806}.Release|x86.ActiveCfg = Release|Win32
		{3326F73D-CB5D-4679-8201-0C5FA5604806}.Release|x86.Build.0 = Release|Win32
		{17E57C0B-96C8-45DA-9F30-18C2104CBA61}.Debug|x64.ActiveCfg = Debug|x64
		{17E57C0B-96C8-45DA-9F30-18C2104CBA61}.Debug|x64.Build.0 = Debug|x64
		{17E57C0B-96C8-45DA-9F30-18C2104CBA61}.Debug|x86.ActiveCfg = Debug|Win32
		{17E57C0B-96C8-45DA-9F30-18C2104CBA61}.Debug|x86.Build.0 = Debug|Win32
		{17E57C0B-96C8-45DA-9F30-18C2104CBA61}.Release|x64.ActiveCfg = Release|x64
		{17E57C0B-96C8-45DA-9F30-18C2104CBA61}.Release|x64.Build.0 = Release|x64
		{17E57C0B-96C8-45DA-9F30-18C2104CBA61}.Release|x86.ActiveCfg = Release|Win32
		{17E57C0B-96C8-45DA-9F30-18C2104CBA61}.Release|x86.Build.0 = Release|Win32
		{9EEEA60D-4AFE-401F-A6C3-64F8D8D4DD01}.Debug|x64.ActiveCfg = Debug|x64
		{9EEEA60D-4AFE-401F-A6C3-64F8D8D4DD01}.Debug|x64.Build.0 = Debug|x64
		{9EEEA60D-4AFE-401F-A6C3-64F8D8D4DD01}.Debug|x86.ActiveCfg = Debug|Win32
		{9EEEA60D-4AFE-401F-A6C3-64F8D8D4DD01}.Debug|x86.Build.0 = Debug|Win32
		{9EEEA60D-4AFE-401F-A6C3-64F8D8D4DD01}.Release|x64.ActiveCfg = Release|x64
		{9EEEA60D-4AFE-401F-A6C3-64F8D8D4DD01}.Release|x64.Build.0 = Release|x64
		{9EEEA60D-4AFE-401F-A6C3-64F8D8D4DD01}.Release|x86.ActiveCfg = Release|Win32
		{9EEEA60D-4AFE-401F-A6C3-64F8D8D4DD01}.Release|x86.Build.0 = Release|Win32
		{58118EEF-125A-4D54-BA0B-6C822B1C6D32}.Debug|x64.ActiveCfg = Debug|x64
		{58118EEF-125A-4D54-BA0B-6C822B1C6D32}.Debug|x64.Build.0 = Debug|x64
		{58118EEF-125A-4D54-BA0B-6C822B1C6D32}.Debug|x86.ActiveCfg = Debug|Win32
		{58118EEF-125A-4D54-BA0B-6C822B1C6D32}.Debug|x86.Build.0 = Debug|Win32
		{58118EEF-125A-4D54-BA0B-6C822B1C6D32}.Release|x64.ActiveCfg = Release|x64
		{58118EEF-125A-4D54-BA0B-6C822B1C6D32}.Release|x64.Build.0 = Release|x64
		{58118EEF-125A-4D54-BA0B-6C822B1C6D32}.Release|x86.ActiveCfg = Release|Win32
		{58118EEF-125A-4D54-BA0B-6C822B1C6D32}.Release|x86.Build.0 = Release|Win32
		{94219B4D-CDFC-4D07-8FC0-B265E3DD3146}.Debug|x64.ActiveCfg = Debug|x64
		{94219B4D-CDFC-4D07-8FC0-B265E3DD3146}.Debug|x64.Build.0 = Debug|x64
		{94219B4D-CDFC-4D07-8FC0-B265E3DD3146}.Debug|x86.ActiveCfg = Debug|Win32
		{94219B4D-CDFC-4D07-8FC0-B265E3DD3146}.Debug|x86.Build.0 = Debug|Win32
		{94219B4D-CDFC-4D07-8FC0-B265E3DD3146}.Release|x64.ActiveCfg = Release|x64
		{94219B4D-CDFC-4D07-8FC0-B265E3DD3146}.Release|x64.Build.0 = Release|x64
		{94219B4D-CDFC-4D07-8FC0-B265E3DD3146}.Release|x86.ActiveCfg = Release|Win32
		{94219B4D-CDFC-4D07-8FC0-B265E3DD3146}.Release|x86.Build.0 = Release|Win32
		{432C2FAF-055F-4C32-9BE6-8B6E1CAD21E1}.Debug|x64.ActiveCfg = Debug|x64
		{432C2FAF-055F-4C32-9BE6-8B6E1CAD21E1}.Debug|x64.Build.0 = Debug|x64
		{432C2FAF-055F-4C32-9BE6-8B6E1CAD21E1}.Debug|x86.ActiveCfg = Debug|Win32
		{432C2FAF-055F-4C32-9BE6-8B6E1CAD21E1}.Debug|x86.Build.0 = Debug|Win32
		{432C2FAF-055F-4C32-9BE6-8B6E1CAD21E1}.Release|x64.ActiveCfg = Release|x64
		{432C2FAF-055F-4C32-9BE6-8B6E1CAD21E1}.Release|x64.Build.0 = Release|x64
		{432C2FAF-055F-4C32-9BE6-8B6E1CAD21E1}.Release|x86.ActiveCfg = Release|Win32
		{432C2FAF-055F-4C32-9BE6-8B6E1CAD21E1}.Release|x86.Build.0 = Release|Win32
		{E1AF310E-DD14-4576-8706-BF0244D24D69}.Debug|x64.ActiveCfg = Debug|x64
		{E1AF310E-DD14-4576-8706-BF0244D24D69}.Debug|x64.Build.0 = Debug|x64
		{E1AF310E-DD14-4576-8706-BF0244D24D69}.Debug|x86.ActiveCfg = Debug|Win32
		{E1AF310E-DD14-4576-8706-BF0244D24D69}.Debug|x86.Build.0 = Debug|Win32
		{E1AF310E-DD14-4576-8706-BF0244D24D69}.Release|x64.ActiveCfg = Release|x64
		{E1AF310E-DD14-4576-8706-BF0244D24D69}.Release|x64.Build.0 = Release|x64
		{E1AF310E-DD14-4576-8706-BF0244D24D69}.Release|x86.ActiveCfg = Release|Win32
		{E1AF310E-DD14-4576-8706-BF0244D24D69}.Release|x86.Build.0 = Release|Win32
		{13DD29B5-0E69-4BEE-A860-36147E72760F}.Debug|x64.ActiveCfg = Debug|x64
		{13DD29B5-0E69-4BEE-A860-36147E72760F}.Debug|x64.Build.0 = Debug|x64
		{13DD29B5-0E69-4BEE-A860-36147E72760F}.Debug|x86.ActiveCfg = Debug|Win32
		{13DD29B5-0E69-4BEE-A860-36147E72760F}.Debug|x86.Build.0 = Debug|Win32
		{13DD29B5-0E69-4BEE-A860-36147E72760F}.Release|x64.ActiveCfg = Release|x64
		{13DD29B5-0E69-4BEE-A860-36147E72760F}.Release|x64.Build.0 = Release|x64
		{13DD29B5-0E69-4BEE-A860-36147E72760F}.Release|x86.ActiveCfg = Release|Win32
		{13DD29B5-0E69-4BEE-A860-36147E72760F}.Release|x86.Build.0 = Release|Win32
		{FB5AD9E1-9A72-4BA2-9D2F-D9653CB04246}.Debug|x64.ActiveCfg = Debug|x64
		{FB5AD9E1-9A72-4BA2-9D2F-D9653CB04246}.Debug|x64.Build.0 = Debug|x64
		{FB5AD9E1-9A72-4BA2-9D2F-D9653CB04246}.Debug|x86.ActiveCfg = Debug|Win32
		{FB5AD9E1-9A72-4BA2-9D2F-D9653CB04246}.Debug|x86.Build.0 = Debug|Win32
		{FB5AD9E1-9A72-4BA2-9D2F-D9653CB04246}.Release|x64.ActiveCfg = Release|x64
		{FB5AD9E1-9A72-4BA2-9D2F-D9653CB04246}.Release|x64.Build.0 = Release|x64
		{FB5AD9E1-9A72-4BA2-9D2F-D9653CB04246}.Release|x86.ActiveCfg = Release|Win32
		{FB5AD9E1-9A72-4BA2-9D2F-D9653CB04246}.Release|x86.Build.0 = Release|Win32
		{284D4520-53CE-4AAA-A933-FCEA86009B91}.Debug|x64.ActiveCfg = Debug|x64
		{284D4520-53CE-4AAA-A933-FCEA86009B91}.Debug|x64.Build.0 = Debug|x64
		{284D4520-53CE-4AAA-A933-FCEA86009B91}.Debug|x86.ActiveCfg = Debug|Win32
		{284D4520-53CE-4AAA-A933-FCEA86009B91}.Debug|x86.Build.0 = Debug|Win32
		{284D4520-53CE-4AAA-A933-FCEA86009B91}.Release|x64.ActiveCfg = Release|x64
		{284D4520-53CE-4AAA-A933-FCEA86009B91}.Release|x64.Build.0 = Release|x64
		{284D4520-53CE-4AAA-A933-FCEA86009B91}.Release|x86.ActiveCfg = Release|Win32
		{284D4520-53CE-4AAA-A933-FCEA86009B91}.Release|x86.Build.0 = Release|Win32
		{C9F3AD2A-2010-43AA-9A2E-4FCB0CC91B30}.Debug|x64.ActiveCfg = Debug|x64
		{C9F3AD2A-2010-43AA-9A2E-4FCB0CC91B30}.Debug|x64.Build.0 = Debug|x64
		{C9F3AD2A-2010-43AA-9A2E-4FCB0CC91B30}.Debug|x86.ActiveCfg = Debug|Win32
		{C9F3AD2A-2010-43AA-9A2E-4FCB0CC91B30}.Debug|x86.Build.0 = Debug|Win32
		{C9F3AD2A-2010-43AA-9A2E-4FCB0CC91B30}.Release|x64.ActiveCfg = Release|x64
		{C9F3AD2A-2010-43AA-9A2E-4FCB0CC91B30}.Release|x64.Build.0 = Release|x64
		{C9F3AD2A-2010-43AA-9A2E-4FCB0CC91B30}.Release|x86.ActiveCfg = Release|Win32
		{C9F3AD2A-2010-43AA-9A2E-4FCB0CC91B30}.Release|x86.Build.0 = Release|Win32
		{0FD4683E-B2A5-4B52-BCD3-2570FEBB6B38}.Debug|x64.ActiveCfg = Debug|x64
		{0FD4683E-B2A5-4B52-BCD3-2570FEBB6B38}.Debug|x64.Build.0 = Debug|x64
		{0FD4683E-B2A5-4B52-BCD3-2570FEBB6B38}.Debug|x86.ActiveCfg = Debug|Win32
		{0FD4683E-B2A5-4B52-BCD3-2570FEBB6B38}.Debug|x86.Build.0 = Debug|Win32
		{0FD4683E-B2A5-4B52-BCD3-2570FEBB6B38}.Release|x64.ActiveCfg = Release|x64
		{0FD4683E-B2A5-4B52-BCD3-2570FEBB6B38}.Release|x64.Build.0 = Release|x64
		{0FD4683E-B2A5-4B52-BCD3-2570FEBB6B38}.Release|x86.ActiveCfg = Release|Win32
		{0FD4683E-B2A5-4B52-BCD3-2570FEBB6B38}.Release|x86.Build.0 = Release|Win32
		{8D48E704-9527-420F-9756-711657E24D84}.Debug|x64.ActiveCfg = Debug|x64
		{8D48E704-9527-420F-9756-711657E24D84}.Debug|x64.Build.0 = Debug|x64
		{8D48E704-9527-420F-9756-711657E24D84}.Debug|x86.ActiveCfg = Debug|Win32
		{8D48E704-9527-420F-9756-711657E24D84}.Debug|x86.Build.0 = Debug|Win32
		{8D48E704-9527-420F-9756-711657E24D84}.Release|x64.ActiveCfg = Release|x64
		{8D48E704-9527-420F-9756-711657E24D84}.Release|x64.Build.0 = Release|x64
		{8D48E704-9527-420F-9756-711657E24D84}.Release|x86.ActiveCfg = Release|Win32
		{8D48E704-9527-420F-9756-711657E24D84}.Release|x86.Build.0 = Release|Win32
		{B10B6AF6-D279-4589-BF12-7BB2CE67ADB5}.Debug|x64.ActiveCfg = Debug|x64
		{B10B6AF6-D279-4589-BF12-7BB2CE67ADB5}.Debug|x64.Build.0 = Debug|x64
		{B10B6AF6-D279-4589-BF12-7BB2CE67ADB5}.Debug|x86.ActiveCfg = Debug|Win32
		{B10B6AF6-D279-4589-BF12-7BB2CE67ADB5}.Debug|x86.Build.0 = Debug|Win32
		{B10B6AF6-D279-4589-BF12-7BB2CE67ADB5}.Release|x64.ActiveCfg = Release|x64
		{B10B6AF6-D279-4589-BF12-7BB2CE67ADB5}.Release|x64.Build.0 = Release|x64
		{B10B6AF6-D279-4589-BF12-7BB2CE67ADB5}.Release|x86.ActiveCfg = Release|Win32
		{B10B6AF6-D279-4589-BF12-7BB2CE67ADB5}.Release|x86.Build.0 = Release|Win32
		{63E4E7FB-05D2-437B-81C2-211AED3A9302}.Debug|x64.ActiveCfg = Debug|x64
		{63E4E7FB-05D2-437B-81C2-211AED3A9302}.Debug|x64.Build.0 = Debug|x64
		{63E4E7FB-05D2-437B-81C2-211AED3A9302}.Debug|x86.ActiveCfg = Debug|Win32
		{63E4E7FB-05D2-437B-81C2-211AED3A9302}.Debug|x86.Build.0 = Debug|Win32
		{63E4E7FB-05D2-437B-81C2-211AED3A9302}.Release|x64.ActiveCfg = Release|x64
		{63E4E7FB-05D2-437B-81C2-211AED3A9302}.Release|x64.Build.0 = Release|x64
		{63E4E7FB-05D2-437B-81C2-211AED3A9302}.Release|x86.ActiveCfg = Release|Win32
		{63E4E7FB-05D2-437B-81C2-211AED3A9302}.Release|x86.Build.0 = Release|Win32
		{D1FC2D29-2287-44A1-9C01-292FBADBEF14}.Debug|x64.ActiveCfg = Debug|x64
		{D1FC2D29-2287-44A1-9C01-292FBADBEF14}.Debug|x64.Build.0 = Debug|x64
		{D1FC2D29-2287-44A1-9C01-292FBADBEF14}.Debug|x86.ActiveCfg = Debug|Win32
		{D1FC2D29-2287-44A1-9C01-292FBADBEF14}.Debug|x86.Build.0 = Debug|Win32
		{D1FC2D29-2287-44A1-9C01-292FBADBEF14}.Release|x64.ActiveCfg = Release|x64
		{D1FC2D29-2287-44A1-9C01-292FBADBEF14}.Release|x64.Build.0 = Release|x64
		{D1FC2D29-2287-44A1-9C01-292FBADBEF14}.Release|x86.ActiveCfg = Release|Win32
		{D1FC2D29-2287-44A1-9C01-292FBADBEF14}.Release|x86.Build.0 = Release|Win32
		{A3034512-253F-42A0-A652-E0AB1F562E74}.Debug|x64.ActiveCfg = Debug|x64
		{A3034512-253F-42A0-A652-E0AB1F562E74}.Debug|x64.Build.0 = Debug|x64
		{A3034512-253F-42A0-A652-E0AB1F562E74}.Debug|x86.ActiveCfg = Debug|Win32
		{A3034512-253F-42A0-A652-E0AB1F562E74}.Debug|x86.Build.0 = Debug|Win32
		{A3034512-253F-42A0-A652-E0AB1F562E74}.Release|x64.ActiveCfg = Release|x64
		{A3034512-253F-42A0-A652-E0AB1F562E74}.Release|x64.Build.0 = Release|x64
		{A3034512-253F-42A0-A652-E0AB1F562E74}.Release|x86.ActiveCfg = Release|Win32
		{A3034512-253F-42A0-A652-E0AB1F562E74}.Release|x86.Build.0 = Release|Win32
		{198AA577-5F60-4D36-BEF7-DC237D0B5989}.Debug|x64.ActiveCfg = Debug|x64
		{198AA577-5F60-4D36-BEF7-DC237D0B5989}.Debug|x64.Build.0 = Debug|x64
		{198AA577-5F60-4D36-BEF7-DC237D0B5989}.Debug|x86.ActiveCfg = Debug|Win32
		{198AA577-5F60-4D36-BEF7-DC237D0B5989}.Debug|x86.Build.0 = Debug|Win32
		{198AA577-5F60-4D36-BEF7-DC237D0B5989}.Release|x64.ActiveCfg = Release|x64
		{198AA577-5F60-4D36-BEF7-DC237D0B5989}.Release|x64.Build.0 = Release|x64
		{198AA577-5F60-4D36-BEF7-DC237D0B5989}.Release|x86.ActiveCfg = Release|Win32
		{198AA577-5F60-4D36-BEF7-DC237D0B5989}.Release|x86.Build.0 = Release|Win32
		{9476C1A8-DCF2-4FFA-B48B-AC68DFC00907}.Debug|x64.ActiveCfg = Debug|x64
		{9476C1A8-DCF2-4FFA-B48B-AC68DFC00907}.Debug|x64.Build.0 = Debug|x64
		{9476C1A8-DCF2-4FFA-B48B-AC68DFC00907}.Debug|x86.ActiveCfg = Debug|Win32
		{9476C1A8-DCF2-4FFA-B48B-AC68DFC00907}.Debug|x86.Build.0 = Debug|Win32
		{9476C1A8-DCF2-4FFA-B48B-AC68DFC00907}.Release|x64.ActiveCfg = Release|x64
		{9476C1A8-DCF2-4FFA-B48B-AC68DFC00907}.Release|x64.Build.0 = Release|x64
		{9476C1A8-DCF2-4FFA-B48B-AC68DFC00907}.Release|x86.ActiveCfg = Release|Win32
		{9476C1A8-DCF2-4FFA-B48B-AC68DFC00907}.Release|x86.Build.0 = Release|Win32
		{9F7CDB43-3B46-4E4F-A019-1B81B157CB7A}.Debug|x64.ActiveCfg = Debug|x64
		{9F7CDB43-3B46-4E4F-A019-1B81B157CB7A}.Debug|x64.Build.0 = Debug|x64
		{9F7CDB43-3B46-4E4F-A019-1B81B157CB7A}.Debug|x86.ActiveCfg = Debug|Win32
		{9F7CDB43-3B46-4E4F-A019-1B81B157CB7A}.Debug|x86.Build.0 = Debug|Win32
		{9F7CDB43-3B46-4E4F-A019-1B81B157CB7A}.Release|x64.ActiveCfg = Release|x64
		{9F7CDB43-3B46-4E4F-A019-1B81B157CB7A}.Release|x64.Build.0 = Release|x64
		{9F7CDB43-3B46-4E4F-A019-1B81B157CB7A}.Release|x86.ActiveCfg = Release|Win32
		{9F7CDB43-3B46-4E4F-A019-1B81B157CB7A}.Release|x86.Build.0 = Release|Win32
		{CB98F453-71CC-4A55-8F7B-EB70CD9FE4F4}.Debug|x64.ActiveCfg = Debug|x64
		{CB98F453-71CC-4A55-8F7B-EB70CD9FE4F4}.Debug|x64.Build.0 = Debug|x64
		{CB98F453-71CC-4A55-8F7B-EB70CD9FE4F4}.Debug|x86.ActiveCfg = Debug|Win32
		{CB98F453-71CC-4A55-8F7B-EB70CD9FE4F4}.Debug|x86.Build.0 = Debug|Win32
		{CB98F453-71CC-4A55-8F7B-EB70CD9FE4F4}.Release|x64.ActiveCfg = Release|x64
		{CB98F453-71CC-4A55-8F7B-EB70CD9FE4F4}.Release|x64.Build.0 = Release|x64
		{CB98F453-71CC-4A55-8F7B-EB70CD9FE4F4}.Release|x86.ActiveCfg = Release|Win32
		{CB98F453-71CC-4A55-8F7B-EB70CD9FE4F4}.Release|x86.Build.0 = Release|Win32
		{AABA929E-18F6-4280-88F0-9CE94C74FC06}.Debug|x64.ActiveCfg = Debug|x64
		{AABA929E-18F6-4280-88F0-9CE94C74FC06}.Debug|x64.Build.0 = Debug|x64
		{AABA929E-18F6-4280-88F0-9CE94C74FC06}.Debug|x86.ActiveCfg = Debug|Win32
		{AABA929E-18F6-4280-88F0-9CE94C74FC06}.Debug|x86.Build.0 = Debug|Win32
		{AABA929E-18F6-4280-88F0-9CE94C74FC06}.Release|x64.ActiveCfg = Release|x64
		{AABA929E-18F6-4280-88F0-9CE94C74FC06}.Release|x64.Build.0 = Release|x64
		{AABA929E-18F6-4280-88F0-9CE94C74FC06}.Release|x86.ActiveCfg = Release|Win32
		{AABA929E-18F6-4280-88F0-9CE94C74FC06}.Release|x86.Build.0 = Release|Win32
		{E689199B-71F6-4354-854F-A3BA6F07BB05}.Debug|x64.ActiveCfg = Debug|x64
		{E689199B-71F6-4354-854F-A3BA6F07BB05}.Debug|x64.Build.0 = Debug|x64
		{E689199B-71F6-4354-854F-A3BA6F07BB05}.Debug|x86.ActiveCfg = Debug|Win32
		{E689199B-71F6-4354-854F-A3BA6F07BB05}.Debug|x86.Build.0 = Debug|Win32
		{E689199B-71F6-4354-854F-A3BA6F07BB05}.Release|x64.ActiveCfg = Release|x64
		{E689199B-71F6-4354-854F-A3BA6F07BB05}.Release|x64.Build.0 = Release|x64
		{E689199B-71F6-4354-854F-A3BA6F07BB05}.Release|x86.ActiveCfg = Release|Win32
		{E689199B-71F6-4354-854F-A3BA6F07BB05}.Release|x86.Build.0 = Release|Win32
		{B26C817C-BBC5-4981-A416-2C921A6AA8A7}.Debug|x64.ActiveCfg = Debug|x64
		{B26C817C-BBC5-4981-A416-2C921A6AA8A7}.Debug|x64.Build.0 = Debug|x64
		{B26C817C-BBC5-4981-A416-2C921A6AA8A7}.Debug|x86.ActiveCfg = Debug|Win32
		{B26C817C-BBC5-4981-A416-2C921A6AA8A7}.Debug|x86.Build.0 = Debug|Win32
		{B26C817C-BBC5-4981-A416-2C921A6AA8A7}.Release|x64.ActiveCfg = Release|x64
		{B26C817C-BBC5-4981-A416-2C921A6AA8A7}.Release|x64.Build.0 = Release|x64
		{B26C817C-BBC5-4981-A416-2C921A6AA8A7}.Release|x86.ActiveCfg = Release|Win32
		{B26C817C-BBC5-4981-A416-2C921A6AA8A7}.Release|x86.Build.0 = Release|Win32
		{9AF477B8-D27D-4205-BCAF-F0C6C3F60EEE}.Debug|x64.ActiveCfg = Debug|x64
		{9AF477B8-D27D-4205-BCAF-F0C6C3F60EEE}.Debug|x64.Build.0 = Debug|x64
		{9AF477B8-D27D-4205-BCAF-F0C6C3F60EEE}.Debug|x86.ActiveCfg = Debug|Win32
		{9AF477B8-D27D-4205-BCAF-F0C6C3F60EEE}.Debug|x86.Build.0 = Debug|Win32
		{9AF477B8-D27D-4205-BCAF-F0C6C3F60EEE}.Release|x64.ActiveCfg = Release|x64
		{9AF477B8-D27D-4205-BCAF-F0C6C3F60EEE}.Release|x64.Build.0 = Release|x64
		{9AF477B8-D27D-4205-BCAF-F0C6C3F60EEE}.Release|x86.ActiveCfg = Release|Win32
		{9AF477B8-D27D-4205-BCAF-F0C6C3F60EEE}.Release|x86.Build.0 = Release|Win32
		{67F5E749-1768-4884-A28D-6ED8BAF36534}.Debug|x64.ActiveCfg = Debug|x64
		{67F5E749-1768-4884-A28D-6ED8BAF36534}.Debug|x64.Build.0 = Debug|x64
		{67F5E749-1768-4884-A28D-6ED8BAF36534}.Debug|x86.ActiveCfg = Debug|Win32
		{67F5E749-1768-4884-A28D-6ED8BAF36534}.Debug|x86.Build.0 = Debug|Win32
		{67F5E749-1768-4884-A28D-6ED8BAF36534}.Release|x64.ActiveCfg = Release|x64
		{67F5E749-1768-4884-A28D-6ED8BAF36534}.Release|x64.Build.0 = Release|x64
		{67F5E749-1768-4884-A28D-6ED8BAF36534}.Release|x86.ActiveCfg = Release|Win32
		{67F5E749-1768-4884-A28D-6ED8BAF36534}.Release|x86.Build.0 = Release|Win32
		{22C0514E-B6F8-438D-8E6D-521C6C0F6FD8}.Debug|x64.ActiveCfg = Debug|x64
		{22C0514E-B6F8-438D-8E6D-521C6C0F6FD8}.Debug|x64.Build.0 = Debug|x64
		{22C0514E-B6F8-438D-8E6D-521C6C0F6FD8}.Debug|x86.ActiveCfg = Debug|Win32
		{22C0514E-B6F8-438D-8E6D-521C6C0F6FD8}.Debug|x86.Build.0 = Debug|Win32
		{22C0514E-B6F8-438D-8E6D-521C6C0F6FD8}.Release|x64.ActiveCfg = Release|x64
		{22C0514E-B6F8-438D-8E6D-521C6C0F6FD8}.Release|x64.Build.0 = Release|x64
		{22C0514E-B6F8-438D-8E6D-521C6C0F6FD8}.Release|x86.ActiveCfg = Release|Win32
		{22C0514E-B6F8-438D-8E6D-521C6C0F6FD8}.Release|x86.Build.0 = Release|Win32
		{2016590C-CFF9-46B8-B1F7-90456FE4AA5C}.Debug|x64.ActiveCfg = Debug|x64
		{2016590C-CFF9-46B8-B1F7-90456FE4AA5C}.Debug|x64.Build.0 = Debug|x64
		{2016590C-CFF9-46B8-B1F7-90456FE4AA5C}.Debug|x86.ActiveCfg = Debug|Win32
		{2016590C-CFF9-46B8-B1F7-90456FE4AA5C}.Debug|x86.Build.0 = Debug|Win32
		{2016590C-CFF9-46B8-B1F7-90456FE4AA5C}.Release|x64.ActiveCfg = Release|x64
		{2016590C-CFF9-46B8-B1F7-90456FE4AA5C}.Release|x64.Build.0 = Release|x64
		{2016590C-CFF9-46B8-B1F7-90456FE4AA5C}.Release|x86.ActiveCfg = Release|Win32
		{2016590C-CFF9-46B8-B1F7-90456FE4AA5C}.Release|x86.Build.0 = Release|Win32
		{2368B087-15BA-4443-9D21-A2EB88D14ABA}.Debug|x64.ActiveCfg = Debug|x64
		{2368B087-15BA-4443-9D21-A2EB88D14ABA}.Debug|x64.Build.0 = Debug|x64
		{2368B087-15BA-4443-9D21-A2EB88D14ABA}.Debug|x86.ActiveCfg = Debug|Win32
		{2368B087-15BA-4443-9D21-A2EB88D14ABA}.Debug|x86.Build.0 = Debug|Win32
		{2368B087-15BA-4443-9D21-A2EB88D14ABA}.Release|x64.ActiveCfg = Release|x64
		{2368B087-15BA-4443-9D21-A2EB88D14ABA}.Release|x64.Build.0 = Release|x64
		{2368B087-15BA-4443-9D21-A2EB88D14ABA}.Release|x86.ActiveCfg = Release|Win32
		{2368B087-15BA-4443-9D21-A2EB88D14ABA}.Release|x86.Build.0 = Release|Win32
		{B18BDF2C-F9DA-4D62-94EF-75284FB8F94B}.Debug|x64.ActiveCfg = Debug|x64
		{B18BDF2C-F9DA-4D62-94EF-75284FB8F94B}.Debug|x64.Build.0 = Debug|x64
		{B18BDF2C-F9DA-4D62-94EF-75284FB8F94B}.Debug|x86.ActiveCfg = Debug|Win32
		{B18BDF2C-F9DA-4D62-94EF-75284FB8F94B}.Debug|x86.Build.0 = Debug|Win32
		{B18BDF2C-F9DA-4D62-94EF-75284FB8F94B}.Release|x64.ActiveCfg = Release|x64
		{B18BDF2C-F9DA-4D62-94EF-75284FB8F94B}.Release|x64.Build.0 = Release|x64
		{B18BDF2C-F9DA-4D62-94EF-75284FB8F94B}.Release|x86.ActiveCfg = Release|Win32
		{B18BDF2C-F9DA-4D62-94EF-75284FB8F94B}.Release|x86.Build.0 = Release|Win32
		{2A6262C5-9452-4C41-84BC-4E3503D30D2D}.Debug|x64.ActiveCfg = Debug|x64
		{2A6262C5-9452-4C41-84BC-4E3503D30D2D}.Debug|x64.Build.0 = Debug|x64
		{2A6262C5-9452-4C41-84BC-4E3503D30D2D}.Debug|x86.ActiveCfg = Debug|Win32
		{2A6262C5-9452-4C41-84BC-4E3503D30D2D}.Debug|x86.Build.0 = Debug|Win32
		{2A6262C5-9452-4C41-84BC-4E3503D30D2D}.Release|x64.ActiveCfg = Release|x64
		{2A6262C5-9452-4C41-84BC-4E3503D30D2D}.Release|x64.Build.0 = Release|x64
		{2A6262C5-9452-4C41-84BC-4E3503D30D2D}.Release|x86.ActiveCfg = Release|Win32
		{2A6262C5-9452-4C41-84BC-4E3503D30D2D}.Release|x86.Build.0 = Release|Win32
		{0FF3F7BD-D13C-4E35-896E-E1E3937B6D82}.Debug|x64.ActiveCfg = Debug|x64
		{0FF3F7BD-D13C-4E35-896E-E1E3937B6D82}.Debug|x64.Build.0 = Debug|x64
		{0FF3F7BD-D13C-4E35-896E-E1E3937B6D82}.Debug|x86.ActiveCfg = Debug|Win32
		{0FF3F7BD-D13C-4E35-896E-E1E3937B6D82}.Debug|x86.Build.0 = Debug|Win32
		{0FF3F7BD-D13C-4E35-896E-E1E3937B6D82}.Release|x64.ActiveCfg = Release|x64
		{0FF3F7BD-D13C-4E35-896E-E1E3937B6D82}.Release|x64.Build.0 = Release|x64
		{0FF3F7BD-D13C-4E35-896E-E1E3937B6D82}.Release|x86.ActiveCfg = Release|Win32
		{0FF3F7BD-D13C-4E35-896E-E1E3937B6D82}.Release|x86.Build.0 = Release|Win32
		{C735CEBB-4F7C-4AEA-9491-21C4DB526E03}.Debug|x64.ActiveCfg = Debug|x64
		{C735CEBB-4F7C-4AEA-9491-21C4DB526E03}.Debug|x64.Build.0 = Debug|x64
		{C735CEBB-4F7C-4AEA-9491-21C4DB526E03}.Debug|x86.ActiveCfg = Debug|Win32
		{C735CEBB-4F7C-4AEA-9491-21C4DB526E03}.Debug|x86.Build.0 = Debug|Win32
		{C735CEBB-4F7C-4AEA-9491-21C4DB526E03}.Release|x64.ActiveCfg = Release|x64
		{C735CEBB-4F7C-4AEA-9491-21C4DB526E03}.Release|x64.Build.0 = Release|x64
		{C735CEBB-4F7C-4AEA-9491-21C4DB526E03}.Release|x86.ActiveCfg = Release|Win32
		{C735CEBB-4F7C-4AEA-9491-21C4DB526E03}.Release|x86.Build.0 = Release|Win32
		{B2CC407C-DF14-4705-BF7F-777375E2F966}.Debug|x64.ActiveCfg = Debug|x64
		{B2CC407C-DF14-4705-BF7F-777375E2F966}.Debug|x64.Build.0 = Debug|x64
		{B2CC407C-DF14-4705-BF7F-777375E2F966}.Debug|x86.ActiveCfg = Debug|Win32
		{B2CC407C-DF14-4705-BF7F-777375E2F966}.Debug|x86.Build.0 = Debug|Win32
		{B2CC407C-DF14-4705-BF7F-777375E2F966}.Release|x64.ActiveCfg = Release|x64
		{B2CC407C-DF14-4705-BF7F-777375E2F966}.Release|x64.Build.0 = Release|x64
		{B2CC407C-DF14-4705-BF7F-777375E2F966}.Release|x86.ActiveCfg = Release|Win32
		{B2CC407C-DF14-4705-BF7F-777375E2F966}.Release|x86.Build.0 = Release|Win32
		{07CC7ECF-D24B-4129-AEEE-3B72F1AADF1A}.Debug|x64.ActiveCfg = Debug|x64
		{07CC7ECF-D24B-4129-AEEE-3B72F1AADF1A}.Debug|x64.Build.0 = Debug|x64
		{07CC7ECF-D24B-4129-AEEE-3B72F1AADF1A}.Debug|x86.ActiveCfg = Debug|Win32
		{07CC7ECF-D24B-4129-AEEE-3B72F1AADF1A}.Debug|x86.Build.0 = Debug|Win32
		{07CC7ECF-D24B-4129-AEEE-3B72F1AADF1A}.Release|x64.ActiveCfg = Release|x64
		{07CC7ECF-D24B-4129-AEEE-3B72F1AADF1A}.Release|x64.Build.0 = Release|x64
		{07CC7ECF-D24B-4129-AEEE-3B72F1AADF1A}.Release|x86.ActiveCfg = Release|Win32
		{07CC7ECF-D24B-4129-AEEE-3B72F1AADF1A}.Release|x86.Build.0 = Release|Win32
		{47F6D828-EA23-4794-9C08-F5C79F1B1BE4}.Debug|x64.ActiveCfg = Debug|x64
		{47F6D828-EA23-4794-9C08-F5C79F1B1BE4}.Debug|x64.Build.0 = Debug|x64
		{47F6D828-EA23-4794-9C08-F5C79F1B1BE4}.Debug|x86.ActiveCfg = Debug|Win32
		{47F6D828-EA23-4794-9C08-F5C79F1B1BE4}.Debug|x86.Build.0 = Debug|Win32
		{47F6D828-EA23-4794-9C08-F5C79F1B1BE4}.Release|x64.ActiveCfg = Release|x64
		{47F6D828-EA23-4794-9C08-F5C79F1B1BE4}.Release|x64.Build.0 = Release|x64
		{47F6D828-EA23-4794-9C08-F5C79F1B1BE4}.Release|x86.ActiveCfg = Release|Win32
		{47F6D828-EA23-4794-9C08-F5C79F1B1BE4}.Release|x86.Build.0 = Release|Win32
		{3491F2EF-BD23-4599-9572-FFEDD1645E9F}.Debug|x64.ActiveCfg = Debug|x64
		{3491F2EF-BD23-4599-9572-FFEDD1645E9F}.Debug|x64.Build.0 = Debug|x64
		{3491F2EF-BD23-4599-9572-FFEDD1645E9F}.Debug|x86.ActiveCfg = Debug|Win32
		{3491F2EF-BD23-4599-9572-FFEDD1645E9F}.Debug|x86.Build.0 = Debug|Win32
		{3491F2EF-BD23-4599-9572-FFEDD1645E9F}.Release|x64.ActiveCfg = Release|x64
		{3491F2EF-BD23-4599-9572-FFEDD1645E9F}.Release|x64.Build.0 = Release|x64
		{3491F2EF-BD23-4599-9572-FFEDD1645E9F}.Release|x86.ActiveCfg = Release|Win32
		{3491F2EF-BD23-4599-9572-FFEDD1645E9F}.Release|x86.Build.0 = Release|Win32
		{28633430-CADA-4F55-AF89-6182170D9A54}.Debug|x64.ActiveCfg = Debug|x64
		{28633430-CADA-4F55-AF89-6182170D9A54}.Debug|x64.Build.0 = Debug|x64
		{28633430-CADA-4F55-AF89-6182170D9A54}.Debug|x86.ActiveCfg = Debug|Win32
		{28633430-CADA-4F55-AF89-6182170D9A54}.Debug|x86.Build.0 = Debug|Win32
		{28633430-CADA-4F55-AF89-6182170D9A54}.Release|x64.ActiveCfg = Release|x64
		{28633430-CADA-4F55-AF89-6182170D9A54}.Release|x64.Build.0 = Release|x64
		{28633430-CADA-4F55-AF89-6182170D9A54}.Release|x86.ActiveCfg = Release|Win32
		{28633430-CADA-4F55-AF89-6182170D9A54}.Release|x86.Build.0 = Release|Win32
		{D1665062-ED65-49B4-89D4-DCFE499548F2}.Debug|x64.ActiveCfg = Debug|x64
		{D1665062-ED65-49B4-89D4-DCFE499548F2}.Debug|x64.Build.0 = Debug|x64
		{D1665062-ED65-49B4-89D4-DCFE499548F2}.Debug|x86.ActiveCfg = Debug|Win32
		{D1665062-ED65-49B4-89D4-DCFE499548F2}.Debug|x86.Build.0 = Debug|Win32
		{D1665062-ED65-49B4-89D4-DCFE499548F2}.Release|x64.ActiveCfg = Release|x64
		{D1665062-ED65-49B4-89D4-DCFE499548F2}.Release|x64.Build.0 = Release|x64
		{D1665062-ED65-49B4-89D4-DCFE499548F2}.Release|x86.ActiveCfg = Release|Win32
		{D1665062-ED65-49B4-89D4-DCFE499548F2}.Release|x86.Build.0 = Release|Win32
		{4945199D-AA36-4DC3-B2F5-672E263CB1EA}.Debug|x64.ActiveCfg = Debug|x64
		{4945199D-AA36-4DC3-B2F5-672E263CB1EA}.Debug|x64.Build.0 = Debug|x64
		{4945199D-AA36-4DC3-B2F5-672E263CB1EA}.Debug|x86.ActiveCfg = Debug|Win32
		{4945199D-AA36-4DC3-B2F5-672E263CB1EA}.Debug|x86.Build.0 = Debug|Win32
		{4945199D-AA36-4DC3-B2F5-672E263CB1EA}.Release|x64.ActiveCfg = Release|x64
		{4945199D-AA36-4DC3-B2F5-672E263CB1EA}.Release|x64.Build.0 = Release|x64
		{4945199D-AA36-4DC3-B2F5-672E263CB1EA}.Release|x86.ActiveCfg = Release|Win32
		{4945199D-AA36-4DC3-B2F5-672E263CB1EA}.Release|x86.Build.0 = Release|Win32
		{483CA524-7C1B-4F53-B5DC-2749FCE3D387}.Debug|x64.ActiveCfg = Debug|x64
		{483CA524-7C1B-4F53-B5DC-2749FCE3D387}.Debug|x64.Build.0 = Debug|x64
		{483CA524-7C1B-4F53-B5DC-2749FCE3D387}.Debug|x86.ActiveCfg = Debug|Win32
		{483CA524-7C1B-4F53-B5DC-2749FCE3D387}.Debug|x86.Build.0 = Debug|Win32
		{483CA524-7C1B-4F53-B5DC-2749FCE3D387}.Release|x64.ActiveCfg = Release|x64
		{483CA524-7C1B-4F53-B5DC-2749FCE3D387}.Release|x64.Build.0 = Release|x64
		{483CA524-7C1B-4F53-B5DC-2749FCE3D387}.Release|x86.ActiveCfg = Release|Win32
		{483CA524-7C1B-4F53-B5DC-2749FCE3D387}.Release|x86.Build.0 = Release|Win32
		{C0CA4046-0A92-44CD-90DC-C881086FA463}.Debug|x64.ActiveCfg = Debug|x64
		{C0CA4046-0A92-44CD-90DC-C881086FA463}.Debug|x64.Build.0 = Debug|x64
		{C0CA4046-0A92-44CD-90DC-C881086FA463}.Debug|x86.ActiveCfg = Debug|Win32
		{C0CA4046-0A92-44CD-90DC-C881086FA463}.Debug|x86.Build.0 = Debug|Win32
		{C0CA4046-0A92-44CD-90DC-C881086FA463}.Release|x64.ActiveCfg = Release|x64
		{C0CA4046-0A92-44CD-90DC-C881086FA463}.Release|x64.Build.0 = Release|x64
		{C0CA4046-0A92-44CD-90DC-C881086FA463}.Release|x86.ActiveCfg = Release|Win32
		{C0CA4046-0A92-44CD-90DC-C881086FA463}.Release|x86.Build.0 = Release|Win32
		{0C2DCEAE-AD83-4944-A27B-05F3B476CECB}.Debug|x64.ActiveCfg = Debug|x64
		{0C2DCEAE-AD83-4944-A27B-05F3B476CECB}.Debug|x64.Build.0 = Debug|x64
		{0C2DCEAE-AD83-4944-A27B-05F3B476CECB}.Debug|x86.ActiveCfg = Debug|Win32
		{0C2DCEAE-AD83-4944-A27B-05F3B476CECB}.Debug|x86.Build.0 = Debug|Win32
		{0C2DCEAE-AD83-4944-A27B-05F3B476CECB}.Release|x64.ActiveCfg = Release|x64
		{0C2DCEAE-AD83-4944-A27B-05F3B476CECB}.Release|x64.Build.0 = Release|x64
		{0C2DCEAE-AD83-4944-A27B-05F3B476CECB}.Release|x86.ActiveCfg = Release|Win32
		{0C2DCEAE-AD83-4944-A27B-05F3B476CECB}.Release|x86.Build.0 = Release|Win32
		{0B47872E-45B6-4DF8-8F75-D02D75FD1AAC}.Debug|x64.ActiveCfg = Debug|x64
		{0B47872E-45B6-4DF8-8F75-D02D75FD1AAC}.Debug|x64.Build.0 = Debug|x64
		{0B47872E-45B6-4DF8-8F75-D02D75FD1AAC}.Debug|x86.ActiveCfg = Debug|Win32
		{0B47872E-45B6-4DF8-8F75-D02D75FD1AAC}.Debug|x86.Build.0 = Debug|Win32
		{0B47872E-45B6-4DF8-8F75-D02D75FD1AAC}.Release|x64.ActiveCfg = Release|x64
		{0B47872E-45B6-4DF8-8F75-D02D75FD1AAC}.Release|x64.Build.0 = Release|x64
		{0B47872E-45B6-4DF8-8F75-D02D75FD1AAC}.Release|x86.ActiveCfg = Release|Win32
		{0B47872E-45B6-4DF8-8F75-D02D75FD1AAC}.Release|x86.Build.0 = Release|Win32
		{5C7AD5FC-F455-4DCB-A52B-5C63A3AD9BFD}.Debug|x64.ActiveCfg = Debug|x64
		{5C7AD5FC-F455-4DCB-A52B-5C63A3AD9BFD}.Debug|x64.Build.0 = Debug|x64
		{5C7AD5FC-F455-4DCB-A52B-5C63A3AD9BFD}.Debug|x86.ActiveCfg = Debug|Win32
		{5C7AD5FC-F455-4DCB-A52B-5C63A3AD9BFD}.Debug|x86.Build.0 = Debug|Win32
		{5C7AD5FC-F455-4DCB-A52B-5C63A3AD9BFD}.Release|x64.ActiveCfg = Release|x64
		{5C7AD5FC-F455-4DCB-A52B-5C63A3AD9BFD}.Release|x64.Build.0 = Release|x64
		{5C7AD5FC-F455-4DCB-A52B-5C63A3AD9BFD}.Release|x86.ActiveCfg = Release|Win32
		{5C7AD5FC-F455-4DCB-A52B-5C63A3AD9BFD}.Release|x86.Build.0 = Release|Win32
		{30FFBAC7-8F00-4A54-93B6-3A2375682831}.Debug|x64.ActiveCfg = Debug|x64
		{30FFBAC7-8F00-4A54-93B6-3A2375682831}.Debug|x64.Build.0 = Debug|x64
		{30FFBAC7-8F00-4A54-93B6-3A2375682831}.Debug|x86.ActiveCfg = Debug|Win32
		{30FFBAC7-8F00-4A54-93B6-3A2375682831}.Debug|x86.Build.0 = Debug|Win32
		{30FFBAC7-8F00-4A54-93B6-3A2375682831}.Release|x64.ActiveCfg = Release|x64
		{30FFBAC7-8F00-4A54-93B6-3A2375682831}.Release|x64.Build.0 = Release|x64
		{30FFBAC7-8F00-4A54-93B6-3A2375682831}.Release|x86.ActiveCfg = Release|Win32
		{30FFBAC7-8F00-4A54-93B6-3A2375682831}.Release|x86.Build.0 = Release|Win32
		{D204B2F4-E3D4-4592-9FB3-EE186CFC4FDB}.Debug|x64.ActiveCfg = Debug|x64
		{D204B2F4-E3D4-4592-9FB3-EE186CFC4FDB}.Debug|x64.Build.0 = Debug|x64
		{D204B2F4-E3D4-4592-9FB3-EE186CFC4FDB}.Debug|x86.ActiveCfg = Debug|Win32
		{D204B2F4-E3D4-4592-9FB3-EE186CFC4FDB}.Debug|x86.Build.0 = Debug|Win32
		{D204B2F4-E3D4-4592-9FB3-EE186CFC4FDB}.Release|x64.ActiveCfg = Release|x64
		{D204B2F4-E3D4-4592-9FB3-EE186CFC4FDB}.Release|x64.Build.0 = Release|x64
		{D204B2F4-E3D4-4592-9FB3-EE186CFC4FDB}.Release|x86.ActiveCfg = Release|Win32
		{D204B2F4-E3D4-4592-9FB3-EE186CFC4FDB}.Release|x86.Build.0 = Release|Win32
		{3AD963B6-ACE3-4E17-924A-9C4DC183B987}.Debug|x64.ActiveCfg = Debug|x64
		{3AD963B6-ACE3-4E17-924A-9C4DC183B987}.Debug|x64.Build.0 = Debug|x64
		{3AD963B6-ACE3-4E17-924A-9C4DC183B987}.Debug|x86.ActiveCfg = Debug|Win32
		{3AD963B6-ACE3-4E17-924A-9C4DC183B987}.Debug|x86.Build.0 = Debug|Win32
		{3AD963B6-ACE3-4E17-924A-9C4DC183B987}.Release|x64.ActiveCfg = Release|x64
		{3AD963B6-ACE3-4E17-924A-9C4DC183B987}.Release|x64.Build.0 = Release|x64
		{3AD963B6-ACE3-4E17-924A-9C4DC183B987}.Release|x86.ActiveCfg = Release|Win32
		{3AD963B6-ACE3-4E17-924A-9C4DC183B987}.Release|x86.Build.0 = Release|Win32
		{69FE8B72-5133-45B6-AB65-BFC954FAF233}.Debug|x64.ActiveCfg = Debug|x64
		{69FE8B72-5133-45B6-AB65-BFC954FAF233}.Debug|x64.Build.0 = Debug|x64
		{69FE8B72-5133-45B6-AB65-BFC954FAF233}.Debug|x86.ActiveCfg = Debug|Win32
		{69FE8B72-5133-45B6-AB65-BFC954FAF233}.Debug|x86.Build.0 = Debug|Win32
		{69FE8B72-5133-45B6-AB65-BFC954FAF233}.Release|x64.ActiveCfg = Release|x64
		{69FE8B72-5133-45B6-AB65-BFC954FAF233}.Release|x64.Build.0 = Release|x64
		{69FE8B72-5133-45B6-AB65-BFC954FAF233}.Release|x86.ActiveCfg = Release|Win32
		{69FE8B72-5133-45B6-AB65-BFC954FAF233}.Release|x86.Build.0 = Release|Win32
		{F1A3911A-15EE-42E7-9581-B304DB56219B}.Debug|x64.ActiveCfg = Debug|x64
		{F1A3911A-15EE-42E7-9581-B304DB56219B}.Debug|x64.Build.0 = Debug|x64
		{F1A3911A-15EE-42E7-9581-B304DB56219B}.Debug|x86.ActiveCfg = Debug|Win32
		{F1A3911A-15EE-42E7-9581-B304DB56219B}.Debug|x86.Build.0 = Debug|Win32
		{F1A3911A-15EE-42E7-9581-B304DB56219B}.Release|x64.ActiveCfg = Release|x64
		{F1A3911A-15EE-42E7-9581-B304DB56219B}.Release|x64.Build.0 = Release|x64
		{F1A3911A-15EE-42E7-9581-B304DB56219B}.Release|x86.ActiveCfg = Release|Win32
		{F1A3911A-15EE-42E7-9581-B304DB56219B}.Release|x86.Build.0 = Release|Win32
	EndGlobalSection
	GlobalSection(SolutionProperties) = preSolution
		HideSolutionNode = FALSE
	EndGlobalSection
	GlobalSection(ExtensibilityGlobals) = postSolution
		SolutionGuid = {10E99DE6-0D33-4760-A62A-90412FDC8AB8}
	EndGlobalSection
EndGlobal
